// !$*UTF8*$!
{
	archiveVersion = 1;
	classes = {
	};
	objectVersion = 56;
	objects = {

/* Begin PBXBuildFile section */
		C21DD83E2BE4D471003EB614 /* UProtectApp.swift in Sources */ = {isa = PBXBuildFile; fileRef = C21DD83D2BE4D471003EB614 /* UProtectApp.swift */; };
		C21DD8402BE4D471003EB614 /* ContentView.swift in Sources */ = {isa = PBXBuildFile; fileRef = C21DD83F2BE4D471003EB614 /* ContentView.swift */; };
		C21DD8422BE4D472003EB614 /* Assets.xcassets in Resources */ = {isa = PBXBuildFile; fileRef = C21DD8412BE4D472003EB614 /* Assets.xcassets */; };
		C21DD8452BE4D472003EB614 /* Preview Assets.xcassets in Resources */ = {isa = PBXBuildFile; fileRef = C21DD8442BE4D472003EB614 /* Preview Assets.xcassets */; };
		C21DD84C2BE4DAC2003EB614 /* Vonage.swift in Sources */ = {isa = PBXBuildFile; fileRef = C21DD84B2BE4DAC2003EB614 /* Vonage.swift */; };
		C21DD8592BE4E9AE003EB614 /* TabBarView.swift in Sources */ = {isa = PBXBuildFile; fileRef = C21DD8582BE4E9AE003EB614 /* TabBarView.swift */; };
		C21DD85B2BE51306003EB614 /* ContactListView.swift in Sources */ = {isa = PBXBuildFile; fileRef = C21DD85A2BE51306003EB614 /* ContactListView.swift */; };
		C21DD85E2BE51844003EB614 /* ContactModel.swift in Sources */ = {isa = PBXBuildFile; fileRef = C21DD85D2BE51844003EB614 /* ContactModel.swift */; };
		C233DAA02BEE1B72000072C4 /* Location.swift in Sources */ = {isa = PBXBuildFile; fileRef = C233DA9F2BEE1B72000072C4 /* Location.swift */; };
		C233DAA22BEE1BB3000072C4 /* LocationFinder.swift in Sources */ = {isa = PBXBuildFile; fileRef = C233DAA12BEE1BB3000072C4 /* LocationFinder.swift */; };
		C25CE97C2BFDFC9D008CE99A /* FirebaseAnonymousAuthUI in Frameworks */ = {isa = PBXBuildFile; productRef = C25CE97B2BFDFC9D008CE99A /* FirebaseAnonymousAuthUI */; };
		C25CE97E2BFDFC9D008CE99A /* FirebaseAuthUI in Frameworks */ = {isa = PBXBuildFile; productRef = C25CE97D2BFDFC9D008CE99A /* FirebaseAuthUI */; };
		C25CE9802BFDFC9D008CE99A /* FirebaseDatabaseUI in Frameworks */ = {isa = PBXBuildFile; productRef = C25CE97F2BFDFC9D008CE99A /* FirebaseDatabaseUI */; };
		C25CE9822BFDFC9D008CE99A /* FirebasePhoneAuthUI in Frameworks */ = {isa = PBXBuildFile; productRef = C25CE9812BFDFC9D008CE99A /* FirebasePhoneAuthUI */; };
		C25CE9842BFDFC9D008CE99A /* FirebaseStorageUI in Frameworks */ = {isa = PBXBuildFile; productRef = C25CE9832BFDFC9D008CE99A /* FirebaseStorageUI */; };
		C25CE9C12BFF524D008CE99A /* GoogleService-Info.plist in Resources */ = {isa = PBXBuildFile; fileRef = C25CE9C02BFF524D008CE99A /* GoogleService-Info.plist */; };
		C27795DA2BFCB5590034981F /* WidgetKit.framework in Frameworks */ = {isa = PBXBuildFile; fileRef = C27795D92BFCB5590034981F /* WidgetKit.framework */; };
		C27795DC2BFCB5590034981F /* SwiftUI.framework in Frameworks */ = {isa = PBXBuildFile; fileRef = C27795DB2BFCB5590034981F /* SwiftUI.framework */; };
		C27795DF2BFCB5590034981F /* UProtect_WidgetBundle.swift in Sources */ = {isa = PBXBuildFile; fileRef = C27795DE2BFCB5590034981F /* UProtect_WidgetBundle.swift */; };
		C27795E32BFCB5590034981F /* UProtect_Widget.swift in Sources */ = {isa = PBXBuildFile; fileRef = C27795E22BFCB5590034981F /* UProtect_Widget.swift */; };
		C27795E72BFCB55A0034981F /* Assets.xcassets in Resources */ = {isa = PBXBuildFile; fileRef = C27795E62BFCB55A0034981F /* Assets.xcassets */; };
		C27795EB2BFCB55A0034981F /* UProtect-WidgetExtension.appex in Embed Foundation Extensions */ = {isa = PBXBuildFile; fileRef = C27795D72BFCB5590034981F /* UProtect-WidgetExtension.appex */; settings = {ATTRIBUTES = (RemoveHeadersOnCopy, ); }; };
		C2893DD22BEB7FE400733211 /* ContactView.swift in Sources */ = {isa = PBXBuildFile; fileRef = C2893DD12BEB7FE400733211 /* ContactView.swift */; };
		C2893DD62BEB8B9600733211 /* Counter.swift in Sources */ = {isa = PBXBuildFile; fileRef = C2893DD52BEB8B9600733211 /* Counter.swift */; };
		C2893DD92BEB8C1900733211 /* RingView.swift in Sources */ = {isa = PBXBuildFile; fileRef = C2893DD82BEB8C1900733211 /* RingView.swift */; };
		C293A8992BF36C740008F1F8 /* SwiftJWT in Frameworks */ = {isa = PBXBuildFile; productRef = C293A8982BF36C740008F1F8 /* SwiftJWT */; };
		C2FF21E52BF6129F00B6CB82 /* AuthKey_ZX5LJY8598.p8 in Resources */ = {isa = PBXBuildFile; fileRef = C2FF21E42BF6129F00B6CB82 /* AuthKey_ZX5LJY8598.p8 */; };
		E0420F412BF4BFDB00F5B5D0 /* LogInView.swift in Sources */ = {isa = PBXBuildFile; fileRef = E0420F402BF4BFDB00F5B5D0 /* LogInView.swift */; };
		E0420F432BF4BFFC00F5B5D0 /* CloudViewModel.swift in Sources */ = {isa = PBXBuildFile; fileRef = E0420F422BF4BFFC00F5B5D0 /* CloudViewModel.swift */; };
		E0456A472BF8F342002B514F /* otpView.swift in Sources */ = {isa = PBXBuildFile; fileRef = E0456A462BF8F342002B514F /* otpView.swift */; };
		E092099A2BEBE2B0005AD0FB /* TimeCounter.swift in Sources */ = {isa = PBXBuildFile; fileRef = E09209992BEBE2B0005AD0FB /* TimeCounter.swift */; };
		E092099C2BEBE312005AD0FB /* SettingsView.swift in Sources */ = {isa = PBXBuildFile; fileRef = E092099B2BEBE312005AD0FB /* SettingsView.swift */; };
		E09209A02BEBE394005AD0FB /* TimerSettings.swift in Sources */ = {isa = PBXBuildFile; fileRef = E092099F2BEBE394005AD0FB /* TimerSettings.swift */; };
		E0D1D9CB2BFCBFE200506367 /* ButtonView.swift in Sources */ = {isa = PBXBuildFile; fileRef = E0D1D9CA2BFCBFE200506367 /* ButtonView.swift */; };
		E0EAD06F2BFDFFDA006753F5 /* Controller.swift in Sources */ = {isa = PBXBuildFile; fileRef = E0EAD06E2BFDFFDA006753F5 /* Controller.swift */; };
		E0EAD0752BFE5530006753F5 /* UProtect.swift in Sources */ = {isa = PBXBuildFile; fileRef = E0EAD0742BFE5530006753F5 /* UProtect.swift */; };
/* End PBXBuildFile section */

/* Begin PBXContainerItemProxy section */
		C27795E92BFCB55A0034981F /* PBXContainerItemProxy */ = {
			isa = PBXContainerItemProxy;
			containerPortal = C21DD8322BE4D471003EB614 /* Project object */;
			proxyType = 1;
			remoteGlobalIDString = C27795D62BFCB5590034981F;
			remoteInfo = "UProtect-WidgetExtension";
		};
/* End PBXContainerItemProxy section */

/* Begin PBXCopyFilesBuildPhase section */
		C27795EF2BFCB55A0034981F /* Embed Foundation Extensions */ = {
			isa = PBXCopyFilesBuildPhase;
			buildActionMask = 2147483647;
			dstPath = "";
			dstSubfolderSpec = 13;
			files = (
				C27795EB2BFCB55A0034981F /* UProtect-WidgetExtension.appex in Embed Foundation Extensions */,
			);
			name = "Embed Foundation Extensions";
			runOnlyForDeploymentPostprocessing = 0;
		};
		E0EAD08B2BFF338A006753F5 /* Embed Watch Content */ = {
			isa = PBXCopyFilesBuildPhase;
			buildActionMask = 2147483647;
			dstPath = "$(CONTENTS_FOLDER_PATH)/Watch";
			dstSubfolderSpec = 16;
			files = (
			);
			name = "Embed Watch Content";
			runOnlyForDeploymentPostprocessing = 0;
		};
/* End PBXCopyFilesBuildPhase section */

/* Begin PBXFileReference section */
		9995E0C62BECBD6C0001B309 /* UProtect.entitlements */ = {isa = PBXFileReference; lastKnownFileType = text.plist.entitlements; path = UProtect.entitlements; sourceTree = "<group>"; };
		C21DD83A2BE4D471003EB614 /* UProtect.app */ = {isa = PBXFileReference; explicitFileType = wrapper.application; includeInIndex = 0; path = UProtect.app; sourceTree = BUILT_PRODUCTS_DIR; };
		C21DD83D2BE4D471003EB614 /* UProtectApp.swift */ = {isa = PBXFileReference; lastKnownFileType = sourcecode.swift; path = UProtectApp.swift; sourceTree = "<group>"; };
		C21DD83F2BE4D471003EB614 /* ContentView.swift */ = {isa = PBXFileReference; lastKnownFileType = sourcecode.swift; path = ContentView.swift; sourceTree = "<group>"; };
		C21DD8412BE4D472003EB614 /* Assets.xcassets */ = {isa = PBXFileReference; lastKnownFileType = folder.assetcatalog; path = Assets.xcassets; sourceTree = "<group>"; };
		C21DD8442BE4D472003EB614 /* Preview Assets.xcassets */ = {isa = PBXFileReference; lastKnownFileType = folder.assetcatalog; path = "Preview Assets.xcassets"; sourceTree = "<group>"; };
		C21DD84B2BE4DAC2003EB614 /* Vonage.swift */ = {isa = PBXFileReference; lastKnownFileType = sourcecode.swift; path = Vonage.swift; sourceTree = "<group>"; };
		C21DD8582BE4E9AE003EB614 /* TabBarView.swift */ = {isa = PBXFileReference; lastKnownFileType = sourcecode.swift; path = TabBarView.swift; sourceTree = "<group>"; };
		C21DD85A2BE51306003EB614 /* ContactListView.swift */ = {isa = PBXFileReference; lastKnownFileType = sourcecode.swift; path = ContactListView.swift; sourceTree = "<group>"; };
		C21DD85D2BE51844003EB614 /* ContactModel.swift */ = {isa = PBXFileReference; lastKnownFileType = sourcecode.swift; path = ContactModel.swift; sourceTree = "<group>"; };
		C233DA9F2BEE1B72000072C4 /* Location.swift */ = {isa = PBXFileReference; lastKnownFileType = sourcecode.swift; path = Location.swift; sourceTree = "<group>"; };
		C233DAA12BEE1BB3000072C4 /* LocationFinder.swift */ = {isa = PBXFileReference; lastKnownFileType = sourcecode.swift; path = LocationFinder.swift; sourceTree = "<group>"; };
		C25CE9C02BFF524D008CE99A /* GoogleService-Info.plist */ = {isa = PBXFileReference; fileEncoding = 4; lastKnownFileType = text.plist.xml; path = "GoogleService-Info.plist"; sourceTree = "<group>"; };
		C25CE9C72BFFCC72008CE99A /* Info.plist */ = {isa = PBXFileReference; fileEncoding = 4; lastKnownFileType = text.plist.xml; path = Info.plist; sourceTree = "<group>"; };
		C27795D72BFCB5590034981F /* UProtect-WidgetExtension.appex */ = {isa = PBXFileReference; explicitFileType = "wrapper.app-extension"; includeInIndex = 0; path = "UProtect-WidgetExtension.appex"; sourceTree = BUILT_PRODUCTS_DIR; };
		C27795D92BFCB5590034981F /* WidgetKit.framework */ = {isa = PBXFileReference; lastKnownFileType = wrapper.framework; name = WidgetKit.framework; path = System/Library/Frameworks/WidgetKit.framework; sourceTree = SDKROOT; };
		C27795DB2BFCB5590034981F /* SwiftUI.framework */ = {isa = PBXFileReference; lastKnownFileType = wrapper.framework; name = SwiftUI.framework; path = System/Library/Frameworks/SwiftUI.framework; sourceTree = SDKROOT; };
		C27795DE2BFCB5590034981F /* UProtect_WidgetBundle.swift */ = {isa = PBXFileReference; lastKnownFileType = sourcecode.swift; path = UProtect_WidgetBundle.swift; sourceTree = "<group>"; };
		C27795E22BFCB5590034981F /* UProtect_Widget.swift */ = {isa = PBXFileReference; lastKnownFileType = sourcecode.swift; path = UProtect_Widget.swift; sourceTree = "<group>"; };
		C27795E62BFCB55A0034981F /* Assets.xcassets */ = {isa = PBXFileReference; lastKnownFileType = folder.assetcatalog; path = Assets.xcassets; sourceTree = "<group>"; };
		C27795E82BFCB55A0034981F /* Info.plist */ = {isa = PBXFileReference; lastKnownFileType = text.plist.xml; path = Info.plist; sourceTree = "<group>"; };
		C2893DD12BEB7FE400733211 /* ContactView.swift */ = {isa = PBXFileReference; lastKnownFileType = sourcecode.swift; path = ContactView.swift; sourceTree = "<group>"; };
		C2893DD52BEB8B9600733211 /* Counter.swift */ = {isa = PBXFileReference; lastKnownFileType = sourcecode.swift; path = Counter.swift; sourceTree = "<group>"; };
		C2893DD82BEB8C1900733211 /* RingView.swift */ = {isa = PBXFileReference; lastKnownFileType = sourcecode.swift; path = RingView.swift; sourceTree = "<group>"; };
		C2FF21E42BF6129F00B6CB82 /* AuthKey_ZX5LJY8598.p8 */ = {isa = PBXFileReference; fileEncoding = 4; lastKnownFileType = text; path = AuthKey_ZX5LJY8598.p8; sourceTree = "<group>"; };
		E0420F402BF4BFDB00F5B5D0 /* LogInView.swift */ = {isa = PBXFileReference; lastKnownFileType = sourcecode.swift; path = LogInView.swift; sourceTree = "<group>"; };
		E0420F422BF4BFFC00F5B5D0 /* CloudViewModel.swift */ = {isa = PBXFileReference; lastKnownFileType = sourcecode.swift; path = CloudViewModel.swift; sourceTree = "<group>"; };
		E0456A462BF8F342002B514F /* otpView.swift */ = {isa = PBXFileReference; lastKnownFileType = sourcecode.swift; path = otpView.swift; sourceTree = "<group>"; };
		E09209992BEBE2B0005AD0FB /* TimeCounter.swift */ = {isa = PBXFileReference; lastKnownFileType = sourcecode.swift; path = TimeCounter.swift; sourceTree = "<group>"; };
		E092099B2BEBE312005AD0FB /* SettingsView.swift */ = {isa = PBXFileReference; lastKnownFileType = sourcecode.swift; path = SettingsView.swift; sourceTree = "<group>"; };
		E092099F2BEBE394005AD0FB /* TimerSettings.swift */ = {isa = PBXFileReference; lastKnownFileType = sourcecode.swift; path = TimerSettings.swift; sourceTree = "<group>"; };
		E0D1D9CA2BFCBFE200506367 /* ButtonView.swift */ = {isa = PBXFileReference; lastKnownFileType = sourcecode.swift; path = ButtonView.swift; sourceTree = "<group>"; };
		E0EAD06E2BFDFFDA006753F5 /* Controller.swift */ = {isa = PBXFileReference; lastKnownFileType = sourcecode.swift; path = Controller.swift; sourceTree = "<group>"; };
		E0EAD0742BFE5530006753F5 /* UProtect.swift */ = {isa = PBXFileReference; lastKnownFileType = sourcecode.swift; path = UProtect.swift; sourceTree = "<group>"; };
/* End PBXFileReference section */

/* Begin PBXFrameworksBuildPhase section */
		C21DD8372BE4D471003EB614 /* Frameworks */ = {
			isa = PBXFrameworksBuildPhase;
			buildActionMask = 2147483647;
			files = (
				C293A8992BF36C740008F1F8 /* SwiftJWT in Frameworks */,
				C25CE97E2BFDFC9D008CE99A /* FirebaseAuthUI in Frameworks */,
				C25CE9822BFDFC9D008CE99A /* FirebasePhoneAuthUI in Frameworks */,
				C25CE9802BFDFC9D008CE99A /* FirebaseDatabaseUI in Frameworks */,
				C25CE97C2BFDFC9D008CE99A /* FirebaseAnonymousAuthUI in Frameworks */,
				C25CE9842BFDFC9D008CE99A /* FirebaseStorageUI in Frameworks */,
			);
			runOnlyForDeploymentPostprocessing = 0;
		};
		C27795D42BFCB5590034981F /* Frameworks */ = {
			isa = PBXFrameworksBuildPhase;
			buildActionMask = 2147483647;
			files = (
				C27795DC2BFCB5590034981F /* SwiftUI.framework in Frameworks */,
				C27795DA2BFCB5590034981F /* WidgetKit.framework in Frameworks */,
			);
			runOnlyForDeploymentPostprocessing = 0;
		};
/* End PBXFrameworksBuildPhase section */

/* Begin PBXGroup section */
		C21DD8312BE4D471003EB614 = {
			isa = PBXGroup;
			children = (
				C21DD83C2BE4D471003EB614 /* UProtect */,
				C27795DD2BFCB5590034981F /* UProtect-Widget */,
				C27795D82BFCB5590034981F /* Frameworks */,
				C21DD83B2BE4D471003EB614 /* Products */,
			);
			sourceTree = "<group>";
		};
		C21DD83B2BE4D471003EB614 /* Products */ = {
			isa = PBXGroup;
			children = (
				C21DD83A2BE4D471003EB614 /* UProtect.app */,
				C27795D72BFCB5590034981F /* UProtect-WidgetExtension.appex */,
			);
			name = Products;
			sourceTree = "<group>";
		};
		C21DD83C2BE4D471003EB614 /* UProtect */ = {
			isa = PBXGroup;
			children = (
				C25CE9C72BFFCC72008CE99A /* Info.plist */,
				C25CE9C02BFF524D008CE99A /* GoogleService-Info.plist */,
				C2FF21E42BF6129F00B6CB82 /* AuthKey_ZX5LJY8598.p8 */,
				9995E0C62BECBD6C0001B309 /* UProtect.entitlements */,
				C21DD83D2BE4D471003EB614 /* UProtectApp.swift */,
				E0EAD0742BFE5530006753F5 /* UProtect.swift */,
				C2893DD72BEB8C0B00733211 /* Components */,
				C21DD85C2BE5183A003EB614 /* Model */,
				C21DD8572BE4E9A4003EB614 /* View */,
				C21DD83F2BE4D471003EB614 /* ContentView.swift */,
				C21DD84B2BE4DAC2003EB614 /* Vonage.swift */,
				C21DD8412BE4D472003EB614 /* Assets.xcassets */,
				C21DD8432BE4D472003EB614 /* Preview Content */,
			);
			path = UProtect;
			sourceTree = "<group>";
		};
		C21DD8432BE4D472003EB614 /* Preview Content */ = {
			isa = PBXGroup;
			children = (
				C21DD8442BE4D472003EB614 /* Preview Assets.xcassets */,
			);
			path = "Preview Content";
			sourceTree = "<group>";
		};
		C21DD8572BE4E9A4003EB614 /* View */ = {
			isa = PBXGroup;
			children = (
				E0420F402BF4BFDB00F5B5D0 /* LogInView.swift */,
				E0456A462BF8F342002B514F /* otpView.swift */,
				E0D1D9CA2BFCBFE200506367 /* ButtonView.swift */,
				C2893DD12BEB7FE400733211 /* ContactView.swift */,
				E092099B2BEBE312005AD0FB /* SettingsView.swift */,
				E092099F2BEBE394005AD0FB /* TimerSettings.swift */,
			);
			path = View;
			sourceTree = "<group>";
		};
		C21DD85C2BE5183A003EB614 /* Model */ = {
			isa = PBXGroup;
			children = (
				C21DD85A2BE51306003EB614 /* ContactListView.swift */,
				C21DD85D2BE51844003EB614 /* ContactModel.swift */,
				C2893DD52BEB8B9600733211 /* Counter.swift */,
				C233DA9F2BEE1B72000072C4 /* Location.swift */,
				E0420F422BF4BFFC00F5B5D0 /* CloudViewModel.swift */,
				E0EAD06E2BFDFFDA006753F5 /* Controller.swift */,
			);
			path = Model;
			sourceTree = "<group>";
		};
		C27795D82BFCB5590034981F /* Frameworks */ = {
			isa = PBXGroup;
			children = (
				C27795D92BFCB5590034981F /* WidgetKit.framework */,
				C27795DB2BFCB5590034981F /* SwiftUI.framework */,
			);
			name = Frameworks;
			sourceTree = "<group>";
		};
		C27795DD2BFCB5590034981F /* UProtect-Widget */ = {
			isa = PBXGroup;
			children = (
				C27795DE2BFCB5590034981F /* UProtect_WidgetBundle.swift */,
				C27795E22BFCB5590034981F /* UProtect_Widget.swift */,
				C27795E62BFCB55A0034981F /* Assets.xcassets */,
				C27795E82BFCB55A0034981F /* Info.plist */,
			);
			path = "UProtect-Widget";
			sourceTree = "<group>";
		};
		C2893DD72BEB8C0B00733211 /* Components */ = {
			isa = PBXGroup;
			children = (
				C2893DD82BEB8C1900733211 /* RingView.swift */,
				E09209992BEBE2B0005AD0FB /* TimeCounter.swift */,
				C233DAA12BEE1BB3000072C4 /* LocationFinder.swift */,
				C21DD8582BE4E9AE003EB614 /* TabBarView.swift */,
			);
			path = Components;
			sourceTree = "<group>";
		};
/* End PBXGroup section */

/* Begin PBXNativeTarget section */
		C21DD8392BE4D471003EB614 /* UProtect */ = {
			isa = PBXNativeTarget;
			buildConfigurationList = C21DD8482BE4D472003EB614 /* Build configuration list for PBXNativeTarget "UProtect" */;
			buildPhases = (
				C21DD8362BE4D471003EB614 /* Sources */,
				C21DD8372BE4D471003EB614 /* Frameworks */,
				C21DD8382BE4D471003EB614 /* Resources */,
				C27795EF2BFCB55A0034981F /* Embed Foundation Extensions */,
				E0EAD08B2BFF338A006753F5 /* Embed Watch Content */,
			);
			buildRules = (
			);
			dependencies = (
				C27795EA2BFCB55A0034981F /* PBXTargetDependency */,
			);
			name = UProtect;
			packageProductDependencies = (
				C293A8982BF36C740008F1F8 /* SwiftJWT */,
				C25CE97B2BFDFC9D008CE99A /* FirebaseAnonymousAuthUI */,
				C25CE97D2BFDFC9D008CE99A /* FirebaseAuthUI */,
				C25CE97F2BFDFC9D008CE99A /* FirebaseDatabaseUI */,
				C25CE9812BFDFC9D008CE99A /* FirebasePhoneAuthUI */,
				C25CE9832BFDFC9D008CE99A /* FirebaseStorageUI */,
			);
			productName = UProtect;
			productReference = C21DD83A2BE4D471003EB614 /* UProtect.app */;
			productType = "com.apple.product-type.application";
		};
		C27795D62BFCB5590034981F /* UProtect-WidgetExtension */ = {
			isa = PBXNativeTarget;
			buildConfigurationList = C27795EC2BFCB55A0034981F /* Build configuration list for PBXNativeTarget "UProtect-WidgetExtension" */;
			buildPhases = (
				C27795D32BFCB5590034981F /* Sources */,
				C27795D42BFCB5590034981F /* Frameworks */,
				C27795D52BFCB5590034981F /* Resources */,
			);
			buildRules = (
			);
			dependencies = (
			);
			name = "UProtect-WidgetExtension";
			productName = "UProtect-WidgetExtension";
			productReference = C27795D72BFCB5590034981F /* UProtect-WidgetExtension.appex */;
			productType = "com.apple.product-type.app-extension";
		};
/* End PBXNativeTarget section */

/* Begin PBXProject section */
		C21DD8322BE4D471003EB614 /* Project object */ = {
			isa = PBXProject;
			attributes = {
				BuildIndependentTargetsInParallel = 1;
				LastSwiftUpdateCheck = 1530;
				LastUpgradeCheck = 1530;
				TargetAttributes = {
					C21DD8392BE4D471003EB614 = {
						CreatedOnToolsVersion = 15.3;
					};
					C27795D62BFCB5590034981F = {
						CreatedOnToolsVersion = 15.3;
					};
				};
			};
			buildConfigurationList = C21DD8352BE4D471003EB614 /* Build configuration list for PBXProject "UProtect" */;
			compatibilityVersion = "Xcode 14.0";
			developmentRegion = en;
			hasScannedForEncodings = 0;
			knownRegions = (
				en,
				Base,
			);
			mainGroup = C21DD8312BE4D471003EB614;
			packageReferences = (
				C293A8972BF36C740008F1F8 /* XCRemoteSwiftPackageReference "Swift-JWT" */,
				C25CE97A2BFDFC9D008CE99A /* XCRemoteSwiftPackageReference "FirebaseUI-iOS" */,
			);
			productRefGroup = C21DD83B2BE4D471003EB614 /* Products */;
			projectDirPath = "";
			projectRoot = "";
			targets = (
				C21DD8392BE4D471003EB614 /* UProtect */,
				C27795D62BFCB5590034981F /* UProtect-WidgetExtension */,
			);
		};
/* End PBXProject section */

/* Begin PBXResourcesBuildPhase section */
		C21DD8382BE4D471003EB614 /* Resources */ = {
			isa = PBXResourcesBuildPhase;
			buildActionMask = 2147483647;
			files = (
				C21DD8452BE4D472003EB614 /* Preview Assets.xcassets in Resources */,
				C25CE9C12BFF524D008CE99A /* GoogleService-Info.plist in Resources */,
				C2FF21E52BF6129F00B6CB82 /* AuthKey_ZX5LJY8598.p8 in Resources */,
				C21DD8422BE4D472003EB614 /* Assets.xcassets in Resources */,
			);
			runOnlyForDeploymentPostprocessing = 0;
		};
		C27795D52BFCB5590034981F /* Resources */ = {
			isa = PBXResourcesBuildPhase;
			buildActionMask = 2147483647;
			files = (
				C27795E72BFCB55A0034981F /* Assets.xcassets in Resources */,
			);
			runOnlyForDeploymentPostprocessing = 0;
		};
/* End PBXResourcesBuildPhase section */

/* Begin PBXSourcesBuildPhase section */
		C21DD8362BE4D471003EB614 /* Sources */ = {
			isa = PBXSourcesBuildPhase;
			buildActionMask = 2147483647;
			files = (
				C2893DD92BEB8C1900733211 /* RingView.swift in Sources */,
				C21DD85E2BE51844003EB614 /* ContactModel.swift in Sources */,
				C21DD85B2BE51306003EB614 /* ContactListView.swift in Sources */,
				E0420F432BF4BFFC00F5B5D0 /* CloudViewModel.swift in Sources */,
				C21DD8402BE4D471003EB614 /* ContentView.swift in Sources */,
				E092099A2BEBE2B0005AD0FB /* TimeCounter.swift in Sources */,
				E0EAD06F2BFDFFDA006753F5 /* Controller.swift in Sources */,
				E0456A472BF8F342002B514F /* otpView.swift in Sources */,
				E0EAD0752BFE5530006753F5 /* UProtect.swift in Sources */,
				C21DD83E2BE4D471003EB614 /* UProtectApp.swift in Sources */,
				C233DAA02BEE1B72000072C4 /* Location.swift in Sources */,
				C2893DD22BEB7FE400733211 /* ContactView.swift in Sources */,
				C2893DD62BEB8B9600733211 /* Counter.swift in Sources */,
				C233DAA22BEE1BB3000072C4 /* LocationFinder.swift in Sources */,
				C21DD8592BE4E9AE003EB614 /* TabBarView.swift in Sources */,
				E092099C2BEBE312005AD0FB /* SettingsView.swift in Sources */,
				C21DD84C2BE4DAC2003EB614 /* Vonage.swift in Sources */,
				E0D1D9CB2BFCBFE200506367 /* ButtonView.swift in Sources */,
				E0420F412BF4BFDB00F5B5D0 /* LogInView.swift in Sources */,
				E09209A02BEBE394005AD0FB /* TimerSettings.swift in Sources */,
			);
			runOnlyForDeploymentPostprocessing = 0;
		};
		C27795D32BFCB5590034981F /* Sources */ = {
			isa = PBXSourcesBuildPhase;
			buildActionMask = 2147483647;
			files = (
				C27795E32BFCB5590034981F /* UProtect_Widget.swift in Sources */,
				C27795DF2BFCB5590034981F /* UProtect_WidgetBundle.swift in Sources */,
			);
			runOnlyForDeploymentPostprocessing = 0;
		};
/* End PBXSourcesBuildPhase section */

/* Begin PBXTargetDependency section */
		C27795EA2BFCB55A0034981F /* PBXTargetDependency */ = {
			isa = PBXTargetDependency;
			target = C27795D62BFCB5590034981F /* UProtect-WidgetExtension */;
			targetProxy = C27795E92BFCB55A0034981F /* PBXContainerItemProxy */;
		};
/* End PBXTargetDependency section */

/* Begin XCBuildConfiguration section */
		C21DD8462BE4D472003EB614 /* Debug */ = {
			isa = XCBuildConfiguration;
			buildSettings = {
				ALWAYS_SEARCH_USER_PATHS = NO;
				ASSETCATALOG_COMPILER_GENERATE_SWIFT_ASSET_SYMBOL_EXTENSIONS = YES;
				CLANG_ANALYZER_NONNULL = YES;
				CLANG_ANALYZER_NUMBER_OBJECT_CONVERSION = YES_AGGRESSIVE;
				CLANG_CXX_LANGUAGE_STANDARD = "gnu++20";
				CLANG_ENABLE_MODULES = YES;
				CLANG_ENABLE_OBJC_ARC = YES;
				CLANG_ENABLE_OBJC_WEAK = YES;
				CLANG_WARN_BLOCK_CAPTURE_AUTORELEASING = YES;
				CLANG_WARN_BOOL_CONVERSION = YES;
				CLANG_WARN_COMMA = YES;
				CLANG_WARN_CONSTANT_CONVERSION = YES;
				CLANG_WARN_DEPRECATED_OBJC_IMPLEMENTATIONS = YES;
				CLANG_WARN_DIRECT_OBJC_ISA_USAGE = YES_ERROR;
				CLANG_WARN_DOCUMENTATION_COMMENTS = YES;
				CLANG_WARN_EMPTY_BODY = YES;
				CLANG_WARN_ENUM_CONVERSION = YES;
				CLANG_WARN_INFINITE_RECURSION = YES;
				CLANG_WARN_INT_CONVERSION = YES;
				CLANG_WARN_NON_LITERAL_NULL_CONVERSION = YES;
				CLANG_WARN_OBJC_IMPLICIT_RETAIN_SELF = YES;
				CLANG_WARN_OBJC_LITERAL_CONVERSION = YES;
				CLANG_WARN_OBJC_ROOT_CLASS = YES_ERROR;
				CLANG_WARN_QUOTED_INCLUDE_IN_FRAMEWORK_HEADER = YES;
				CLANG_WARN_RANGE_LOOP_ANALYSIS = YES;
				CLANG_WARN_STRICT_PROTOTYPES = YES;
				CLANG_WARN_SUSPICIOUS_MOVE = YES;
				CLANG_WARN_UNGUARDED_AVAILABILITY = YES_AGGRESSIVE;
				CLANG_WARN_UNREACHABLE_CODE = YES;
				CLANG_WARN__DUPLICATE_METHOD_MATCH = YES;
				COPY_PHASE_STRIP = NO;
				DEBUG_INFORMATION_FORMAT = dwarf;
				ENABLE_STRICT_OBJC_MSGSEND = YES;
				ENABLE_TESTABILITY = YES;
				ENABLE_USER_SCRIPT_SANDBOXING = YES;
				GCC_C_LANGUAGE_STANDARD = gnu17;
				GCC_DYNAMIC_NO_PIC = NO;
				GCC_NO_COMMON_BLOCKS = YES;
				GCC_OPTIMIZATION_LEVEL = 0;
				GCC_PREPROCESSOR_DEFINITIONS = (
					"DEBUG=1",
					"$(inherited)",
				);
				GCC_WARN_64_TO_32_BIT_CONVERSION = YES;
				GCC_WARN_ABOUT_RETURN_TYPE = YES_ERROR;
				GCC_WARN_UNDECLARED_SELECTOR = YES;
				GCC_WARN_UNINITIALIZED_AUTOS = YES_AGGRESSIVE;
				GCC_WARN_UNUSED_FUNCTION = YES;
				GCC_WARN_UNUSED_VARIABLE = YES;
				IPHONEOS_DEPLOYMENT_TARGET = 17.4;
				LOCALIZATION_PREFERS_STRING_CATALOGS = YES;
				MTL_ENABLE_DEBUG_INFO = INCLUDE_SOURCE;
				MTL_FAST_MATH = YES;
				ONLY_ACTIVE_ARCH = YES;
				SDKROOT = iphoneos;
				SWIFT_ACTIVE_COMPILATION_CONDITIONS = "DEBUG $(inherited)";
				SWIFT_OPTIMIZATION_LEVEL = "-Onone";
			};
			name = Debug;
		};
		C21DD8472BE4D472003EB614 /* Release */ = {
			isa = XCBuildConfiguration;
			buildSettings = {
				ALWAYS_SEARCH_USER_PATHS = NO;
				ASSETCATALOG_COMPILER_GENERATE_SWIFT_ASSET_SYMBOL_EXTENSIONS = YES;
				CLANG_ANALYZER_NONNULL = YES;
				CLANG_ANALYZER_NUMBER_OBJECT_CONVERSION = YES_AGGRESSIVE;
				CLANG_CXX_LANGUAGE_STANDARD = "gnu++20";
				CLANG_ENABLE_MODULES = YES;
				CLANG_ENABLE_OBJC_ARC = YES;
				CLANG_ENABLE_OBJC_WEAK = YES;
				CLANG_WARN_BLOCK_CAPTURE_AUTORELEASING = YES;
				CLANG_WARN_BOOL_CONVERSION = YES;
				CLANG_WARN_COMMA = YES;
				CLANG_WARN_CONSTANT_CONVERSION = YES;
				CLANG_WARN_DEPRECATED_OBJC_IMPLEMENTATIONS = YES;
				CLANG_WARN_DIRECT_OBJC_ISA_USAGE = YES_ERROR;
				CLANG_WARN_DOCUMENTATION_COMMENTS = YES;
				CLANG_WARN_EMPTY_BODY = YES;
				CLANG_WARN_ENUM_CONVERSION = YES;
				CLANG_WARN_INFINITE_RECURSION = YES;
				CLANG_WARN_INT_CONVERSION = YES;
				CLANG_WARN_NON_LITERAL_NULL_CONVERSION = YES;
				CLANG_WARN_OBJC_IMPLICIT_RETAIN_SELF = YES;
				CLANG_WARN_OBJC_LITERAL_CONVERSION = YES;
				CLANG_WARN_OBJC_ROOT_CLASS = YES_ERROR;
				CLANG_WARN_QUOTED_INCLUDE_IN_FRAMEWORK_HEADER = YES;
				CLANG_WARN_RANGE_LOOP_ANALYSIS = YES;
				CLANG_WARN_STRICT_PROTOTYPES = YES;
				CLANG_WARN_SUSPICIOUS_MOVE = YES;
				CLANG_WARN_UNGUARDED_AVAILABILITY = YES_AGGRESSIVE;
				CLANG_WARN_UNREACHABLE_CODE = YES;
				CLANG_WARN__DUPLICATE_METHOD_MATCH = YES;
				COPY_PHASE_STRIP = NO;
				DEBUG_INFORMATION_FORMAT = "dwarf-with-dsym";
				ENABLE_NS_ASSERTIONS = NO;
				ENABLE_STRICT_OBJC_MSGSEND = YES;
				ENABLE_USER_SCRIPT_SANDBOXING = YES;
				GCC_C_LANGUAGE_STANDARD = gnu17;
				GCC_NO_COMMON_BLOCKS = YES;
				GCC_WARN_64_TO_32_BIT_CONVERSION = YES;
				GCC_WARN_ABOUT_RETURN_TYPE = YES_ERROR;
				GCC_WARN_UNDECLARED_SELECTOR = YES;
				GCC_WARN_UNINITIALIZED_AUTOS = YES_AGGRESSIVE;
				GCC_WARN_UNUSED_FUNCTION = YES;
				GCC_WARN_UNUSED_VARIABLE = YES;
				IPHONEOS_DEPLOYMENT_TARGET = 17.4;
				LOCALIZATION_PREFERS_STRING_CATALOGS = YES;
				MTL_ENABLE_DEBUG_INFO = NO;
				MTL_FAST_MATH = YES;
				SDKROOT = iphoneos;
				SWIFT_COMPILATION_MODE = wholemodule;
				VALIDATE_PRODUCT = YES;
			};
			name = Release;
		};
		C21DD8492BE4D472003EB614 /* Debug */ = {
			isa = XCBuildConfiguration;
			buildSettings = {
				ALWAYS_EMBED_SWIFT_STANDARD_LIBRARIES = YES;
				ASSETCATALOG_COMPILER_APPICON_NAME = AppIcon;
				ASSETCATALOG_COMPILER_GLOBAL_ACCENT_COLOR_NAME = AccentColor;
				CODE_SIGN_ENTITLEMENTS = UProtect/UProtect.entitlements;
				CODE_SIGN_STYLE = Automatic;
				CURRENT_PROJECT_VERSION = 1;
				DEVELOPMENT_ASSET_PATHS = "\"UProtect/Preview Content\"";
				DEVELOPMENT_TEAM = 25V24PM769;
				ENABLE_PREVIEWS = YES;
				GENERATE_INFOPLIST_FILE = YES;
				INFOPLIST_FILE = UProtect/Info.plist;
				INFOPLIST_KEY_LSApplicationCategoryType = "public.app-category.utilities";
				INFOPLIST_KEY_NSContactsUsageDescription = "We need access to your contacts to allow you to add them as emergency contacts and send notifications when you are in danger.\n";
				INFOPLIST_KEY_UIApplicationSceneManifest_Generation = YES;
				INFOPLIST_KEY_UIApplicationSupportsIndirectInputEvents = YES;
				INFOPLIST_KEY_UILaunchScreen_Generation = YES;
				INFOPLIST_KEY_UISupportedInterfaceOrientations = UIInterfaceOrientationPortrait;
				INFOPLIST_KEY_UISupportedInterfaceOrientations_iPad = "UIInterfaceOrientationLandscapeLeft UIInterfaceOrientationLandscapeRight UIInterfaceOrientationPortrait UIInterfaceOrientationPortraitUpsideDown";
				LD_RUNPATH_SEARCH_PATHS = (
					"$(inherited)",
					"@executable_path/Frameworks",
				);
				MARKETING_VERSION = 1.0;
				PRODUCT_BUNDLE_IDENTIFIER = com.alessiaprevidente.UProtect;
				PRODUCT_NAME = "$(TARGET_NAME)";
				SUPPORTED_PLATFORMS = "iphoneos iphonesimulator";
				SUPPORTS_MACCATALYST = NO;
				SUPPORTS_MAC_DESIGNED_FOR_IPHONE_IPAD = NO;
				SUPPORTS_XR_DESIGNED_FOR_IPHONE_IPAD = NO;
				SWIFT_EMIT_LOC_STRINGS = YES;
				SWIFT_VERSION = 5.0;
				TARGETED_DEVICE_FAMILY = 1;
			};
			name = Debug;
		};
		C21DD84A2BE4D472003EB614 /* Release */ = {
			isa = XCBuildConfiguration;
			buildSettings = {
				ALWAYS_EMBED_SWIFT_STANDARD_LIBRARIES = YES;
				ASSETCATALOG_COMPILER_APPICON_NAME = AppIcon;
				ASSETCATALOG_COMPILER_GLOBAL_ACCENT_COLOR_NAME = AccentColor;
				CODE_SIGN_ENTITLEMENTS = UProtect/UProtect.entitlements;
				CODE_SIGN_IDENTITY = "Apple Development";
				CODE_SIGN_STYLE = Automatic;
				CURRENT_PROJECT_VERSION = 1;
				DEVELOPMENT_ASSET_PATHS = "\"UProtect/Preview Content\"";
				DEVELOPMENT_TEAM = 25V24PM769;
				ENABLE_PREVIEWS = YES;
				GENERATE_INFOPLIST_FILE = YES;
				INFOPLIST_FILE = UProtect/Info.plist;
				INFOPLIST_KEY_LSApplicationCategoryType = "public.app-category.utilities";
				INFOPLIST_KEY_NSContactsUsageDescription = "We need access to your contacts to allow you to add them as emergency contacts and send notifications when you are in danger.\n";
				INFOPLIST_KEY_UIApplicationSceneManifest_Generation = YES;
				INFOPLIST_KEY_UIApplicationSupportsIndirectInputEvents = YES;
				INFOPLIST_KEY_UILaunchScreen_Generation = YES;
				INFOPLIST_KEY_UISupportedInterfaceOrientations = UIInterfaceOrientationPortrait;
				INFOPLIST_KEY_UISupportedInterfaceOrientations_iPad = "UIInterfaceOrientationLandscapeLeft UIInterfaceOrientationLandscapeRight UIInterfaceOrientationPortrait UIInterfaceOrientationPortraitUpsideDown";
				LD_RUNPATH_SEARCH_PATHS = (
					"$(inherited)",
					"@executable_path/Frameworks",
				);
				MARKETING_VERSION = 1.0;
				PRODUCT_BUNDLE_IDENTIFIER = com.alessiaprevidente.UProtect;
				PRODUCT_NAME = "$(TARGET_NAME)";
				PROVISIONING_PROFILE_SPECIFIER = "";
				SUPPORTED_PLATFORMS = "iphoneos iphonesimulator";
				SUPPORTS_MACCATALYST = NO;
				SUPPORTS_MAC_DESIGNED_FOR_IPHONE_IPAD = NO;
				SUPPORTS_XR_DESIGNED_FOR_IPHONE_IPAD = NO;
				SWIFT_EMIT_LOC_STRINGS = YES;
				SWIFT_VERSION = 5.0;
				TARGETED_DEVICE_FAMILY = 1;
			};
			name = Release;
		};
		C27795ED2BFCB55A0034981F /* Debug */ = {
			isa = XCBuildConfiguration;
			buildSettings = {
				ASSETCATALOG_COMPILER_GLOBAL_ACCENT_COLOR_NAME = AccentColor;
				ASSETCATALOG_COMPILER_WIDGET_BACKGROUND_COLOR_NAME = WidgetBackground;
				CODE_SIGN_STYLE = Automatic;
				CURRENT_PROJECT_VERSION = 1;
				DEVELOPMENT_TEAM = 25V24PM769;
				GENERATE_INFOPLIST_FILE = YES;
				INFOPLIST_FILE = "UProtect-Widget/Info.plist";
				INFOPLIST_KEY_CFBundleDisplayName = "UProtect-Widget";
				INFOPLIST_KEY_NSHumanReadableCopyright = "";
				LD_RUNPATH_SEARCH_PATHS = (
					"$(inherited)",
					"@executable_path/Frameworks",
					"@executable_path/../../Frameworks",
				);
				MARKETING_VERSION = 1.0;
				PRODUCT_BUNDLE_IDENTIFIER = "com.alessiaprevidente.UProtect.UProtect-Widget";
				PRODUCT_NAME = "$(TARGET_NAME)";
				SKIP_INSTALL = YES;
				SWIFT_EMIT_LOC_STRINGS = YES;
				SWIFT_VERSION = 5.0;
				TARGETED_DEVICE_FAMILY = "1,2";
			};
			name = Debug;
		};
		C27795EE2BFCB55A0034981F /* Release */ = {
			isa = XCBuildConfiguration;
			buildSettings = {
				ASSETCATALOG_COMPILER_GLOBAL_ACCENT_COLOR_NAME = AccentColor;
				ASSETCATALOG_COMPILER_WIDGET_BACKGROUND_COLOR_NAME = WidgetBackground;
				CODE_SIGN_IDENTITY = "Apple Development";
				CODE_SIGN_STYLE = Automatic;
				CURRENT_PROJECT_VERSION = 1;
				DEVELOPMENT_TEAM = 25V24PM769;
				GENERATE_INFOPLIST_FILE = YES;
				INFOPLIST_FILE = "UProtect-Widget/Info.plist";
				INFOPLIST_KEY_CFBundleDisplayName = "UProtect-Widget";
				INFOPLIST_KEY_NSHumanReadableCopyright = "";
				LD_RUNPATH_SEARCH_PATHS = (
					"$(inherited)",
					"@executable_path/Frameworks",
					"@executable_path/../../Frameworks",
				);
				MARKETING_VERSION = 1.0;
				PRODUCT_BUNDLE_IDENTIFIER = "com.alessiaprevidente.UProtect.UProtect-Widget";
				PRODUCT_NAME = "$(TARGET_NAME)";
				SKIP_INSTALL = YES;
				SWIFT_EMIT_LOC_STRINGS = YES;
				SWIFT_VERSION = 5.0;
				TARGETED_DEVICE_FAMILY = "1,2";
			};
			name = Release;
		};
/* End XCBuildConfiguration section */

/* Begin XCConfigurationList section */
		C21DD8352BE4D471003EB614 /* Build configuration list for PBXProject "UProtect" */ = {
			isa = XCConfigurationList;
			buildConfigurations = (
				C21DD8462BE4D472003EB614 /* Debug */,
				C21DD8472BE4D472003EB614 /* Release */,
			);
			defaultConfigurationIsVisible = 0;
			defaultConfigurationName = Release;
		};
		C21DD8482BE4D472003EB614 /* Build configuration list for PBXNativeTarget "UProtect" */ = {
			isa = XCConfigurationList;
			buildConfigurations = (
				C21DD8492BE4D472003EB614 /* Debug */,
				C21DD84A2BE4D472003EB614 /* Release */,
			);
			defaultConfigurationIsVisible = 0;
			defaultConfigurationName = Release;
		};
		C27795EC2BFCB55A0034981F /* Build configuration list for PBXNativeTarget "UProtect-WidgetExtension" */ = {
			isa = XCConfigurationList;
			buildConfigurations = (
				C27795ED2BFCB55A0034981F /* Debug */,
				C27795EE2BFCB55A0034981F /* Release */,
			);
			defaultConfigurationIsVisible = 0;
			defaultConfigurationName = Release;
		};
/* End XCConfigurationList section */

/* Begin XCRemoteSwiftPackageReference section */
		C25CE97A2BFDFC9D008CE99A /* XCRemoteSwiftPackageReference "FirebaseUI-iOS" */ = {
			isa = XCRemoteSwiftPackageReference;
			repositoryURL = "https://github.com/firebase/FirebaseUI-iOS";
			requirement = {
				kind = upToNextMajorVersion;
				minimumVersion = 13.2.0;
			};
		};
		C293A8972BF36C740008F1F8 /* XCRemoteSwiftPackageReference "Swift-JWT" */ = {
			isa = XCRemoteSwiftPackageReference;
			repositoryURL = "https://github.com/Kitura/Swift-JWT";
			requirement = {
				kind = upToNextMajorVersion;
				minimumVersion = 4.0.1;
			};
		};
/* End XCRemoteSwiftPackageReference section */

/* Begin XCSwiftPackageProductDependency section */
		C25CE97B2BFDFC9D008CE99A /* FirebaseAnonymousAuthUI */ = {
			isa = XCSwiftPackageProductDependency;
			package = C25CE97A2BFDFC9D008CE99A /* XCRemoteSwiftPackageReference "FirebaseUI-iOS" */;
			productName = FirebaseAnonymousAuthUI;
		};
		C25CE97D2BFDFC9D008CE99A /* FirebaseAuthUI */ = {
			isa = XCSwiftPackageProductDependency;
			package = C25CE97A2BFDFC9D008CE99A /* XCRemoteSwiftPackageReference "FirebaseUI-iOS" */;
			productName = FirebaseAuthUI;
		};
		C25CE97F2BFDFC9D008CE99A /* FirebaseDatabaseUI */ = {
			isa = XCSwiftPackageProductDependency;
			package = C25CE97A2BFDFC9D008CE99A /* XCRemoteSwiftPackageReference "FirebaseUI-iOS" */;
			productName = FirebaseDatabaseUI;
		};
		C25CE9812BFDFC9D008CE99A /* FirebasePhoneAuthUI */ = {
			isa = XCSwiftPackageProductDependency;
			package = C25CE97A2BFDFC9D008CE99A /* XCRemoteSwiftPackageReference "FirebaseUI-iOS" */;
			productName = FirebasePhoneAuthUI;
		};
		C25CE9832BFDFC9D008CE99A /* FirebaseStorageUI */ = {
			isa = XCSwiftPackageProductDependency;
			package = C25CE97A2BFDFC9D008CE99A /* XCRemoteSwiftPackageReference "FirebaseUI-iOS" */;
			productName = FirebaseStorageUI;
		};
		C293A8982BF36C740008F1F8 /* SwiftJWT */ = {
			isa = XCSwiftPackageProductDependency;
			package = C293A8972BF36C740008F1F8 /* XCRemoteSwiftPackageReference "Swift-JWT" */;
			productName = SwiftJWT;
		};
/* End XCSwiftPackageProductDependency section */
	};
	rootObject = C21DD8322BE4D471003EB614 /* Project object */;
}
