// !$*UTF8*$!
{
	archiveVersion = 1;
	classes = {
	};
	objectVersion = 56;
	objects = {

/* Begin PBXBuildFile section */
		175A0A632C05BD4400101A32 /* MapView.swift in Sources */ = {isa = PBXBuildFile; fileRef = 175A0A622C05BD4400101A32 /* MapView.swift */; };
		175A0A652C05BD7200101A32 /* FetchLocation.swift in Sources */ = {isa = PBXBuildFile; fileRef = 175A0A642C05BD7200101A32 /* FetchLocation.swift */; };
		175A0A672C05BDB300101A32 /* LocationManager.swift in Sources */ = {isa = PBXBuildFile; fileRef = 175A0A662C05BDB300101A32 /* LocationManager.swift */; };
		1763CF2C2C0EEEC200A465C4 /* DirectionView.swift in Sources */ = {isa = PBXBuildFile; fileRef = 1763CF2B2C0EEEC200A465C4 /* DirectionView.swift */; };
		997DA7F62C14B2AB0048ABB9 /* AuthKey_MD5P379685.p8 in Resources */ = {isa = PBXBuildFile; fileRef = 997DA7F52C14B2AB0048ABB9 /* AuthKey_MD5P379685.p8 */; };
		997DA7F72C14B2C20048ABB9 /* AuthKey_MD5P379685.p8 in Resources */ = {isa = PBXBuildFile; fileRef = 997DA7F52C14B2AB0048ABB9 /* AuthKey_MD5P379685.p8 */; };
		997DA7F92C14B3220048ABB9 /* GoogleService-Info.plist in Resources */ = {isa = PBXBuildFile; fileRef = 997DA7F82C14B3220048ABB9 /* GoogleService-Info.plist */; };
		999499F92C03B7B50074604F /* Study.json in Resources */ = {isa = PBXBuildFile; fileRef = 999499F82C03B7B50074604F /* Study.json */; };
		99A452652C05C5E8004700FE /* Animation - 1716803277345.json in Resources */ = {isa = PBXBuildFile; fileRef = 99A452642C05C5E8004700FE /* Animation - 1716803277345.json */; };
		99A452672C05C5EE004700FE /* Animation - 1716803884547.json in Resources */ = {isa = PBXBuildFile; fileRef = 99A452662C05C5EE004700FE /* Animation - 1716803884547.json */; };
		99A452692C05C5F4004700FE /* Animation - 1716804413916.json in Resources */ = {isa = PBXBuildFile; fileRef = 99A452682C05C5F4004700FE /* Animation - 1716804413916.json */; };
		99B555682C13BEDB0096F0B4 /* CoursesStructs.swift in Sources */ = {isa = PBXBuildFile; fileRef = 99B555672C13BEDB0096F0B4 /* CoursesStructs.swift */; };
		99B5556A2C13BEE80096F0B4 /* CoursesStructs2.swift in Sources */ = {isa = PBXBuildFile; fileRef = 99B555692C13BEE80096F0B4 /* CoursesStructs2.swift */; };
		99B5556C2C13BEF50096F0B4 /* CoursesStructs3.swift in Sources */ = {isa = PBXBuildFile; fileRef = 99B5556B2C13BEF50096F0B4 /* CoursesStructs3.swift */; };
		99B5556E2C13BF020096F0B4 /* CoursesStructs4.swift in Sources */ = {isa = PBXBuildFile; fileRef = 99B5556D2C13BF020096F0B4 /* CoursesStructs4.swift */; };
		99B555702C13BF220096F0B4 /* Corso3.swift in Sources */ = {isa = PBXBuildFile; fileRef = 99B5556F2C13BF220096F0B4 /* Corso3.swift */; };
		99B555722C13BF2E0096F0B4 /* Corso4.swift in Sources */ = {isa = PBXBuildFile; fileRef = 99B555712C13BF2E0096F0B4 /* Corso4.swift */; };
		99B555752C13BF410096F0B4 /* Animation - 1717796337306.json in Resources */ = {isa = PBXBuildFile; fileRef = 99B555732C13BF410096F0B4 /* Animation - 1717796337306.json */; };
		99B555762C13BF410096F0B4 /* Animation - 1717796203824.json in Resources */ = {isa = PBXBuildFile; fileRef = 99B555742C13BF410096F0B4 /* Animation - 1717796203824.json */; };
		99DC37EE2C03B5B700A2804E /* Lottie in Frameworks */ = {isa = PBXBuildFile; productRef = 99DC37ED2C03B5B700A2804E /* Lottie */; };
		C21DD83E2BE4D471003EB614 /* UProtectApp.swift in Sources */ = {isa = PBXBuildFile; fileRef = C21DD83D2BE4D471003EB614 /* UProtectApp.swift */; };
		C21DD8402BE4D471003EB614 /* ContentView.swift in Sources */ = {isa = PBXBuildFile; fileRef = C21DD83F2BE4D471003EB614 /* ContentView.swift */; };
		C21DD8422BE4D472003EB614 /* Assets.xcassets in Resources */ = {isa = PBXBuildFile; fileRef = C21DD8412BE4D472003EB614 /* Assets.xcassets */; };
		C21DD8452BE4D472003EB614 /* Preview Assets.xcassets in Resources */ = {isa = PBXBuildFile; fileRef = C21DD8442BE4D472003EB614 /* Preview Assets.xcassets */; };
		C21DD84C2BE4DAC2003EB614 /* Vonage.swift in Sources */ = {isa = PBXBuildFile; fileRef = C21DD84B2BE4DAC2003EB614 /* Vonage.swift */; };
		C21DD85B2BE51306003EB614 /* ContactListView.swift in Sources */ = {isa = PBXBuildFile; fileRef = C21DD85A2BE51306003EB614 /* ContactListView.swift */; };
		C21DD85E2BE51844003EB614 /* ContactModel.swift in Sources */ = {isa = PBXBuildFile; fileRef = C21DD85D2BE51844003EB614 /* ContactModel.swift */; };
		C23050482C05C7070056BEAA /* LottieView2.swift in Sources */ = {isa = PBXBuildFile; fileRef = C23050432C05C7070056BEAA /* LottieView2.swift */; };
		C23050492C05C7070056BEAA /* CoursesView.swift in Sources */ = {isa = PBXBuildFile; fileRef = C23050442C05C7070056BEAA /* CoursesView.swift */; };
		C230504A2C05C7070056BEAA /* LottieView3.swift in Sources */ = {isa = PBXBuildFile; fileRef = C23050452C05C7070056BEAA /* LottieView3.swift */; };
		C230504B2C05C7070056BEAA /* LottieView4.swift in Sources */ = {isa = PBXBuildFile; fileRef = C23050462C05C7070056BEAA /* LottieView4.swift */; };
		C230504C2C05C7070056BEAA /* LottieView.swift in Sources */ = {isa = PBXBuildFile; fileRef = C23050472C05C7070056BEAA /* LottieView.swift */; };
		C233DAA02BEE1B72000072C4 /* Location.swift in Sources */ = {isa = PBXBuildFile; fileRef = C233DA9F2BEE1B72000072C4 /* Location.swift */; };
		C23F9A102C0098C2001FE56F /* WatchProtectApp.swift in Sources */ = {isa = PBXBuildFile; fileRef = C23F9A0F2C0098C2001FE56F /* WatchProtectApp.swift */; };
		C23F9A142C0098C3001FE56F /* Assets.xcassets in Resources */ = {isa = PBXBuildFile; fileRef = C23F9A132C0098C3001FE56F /* Assets.xcassets */; };
		C23F9A172C0098C3001FE56F /* Preview Assets.xcassets in Resources */ = {isa = PBXBuildFile; fileRef = C23F9A162C0098C3001FE56F /* Preview Assets.xcassets */; };
		C23F9A1A2C0098C3001FE56F /* WatchProtect Watch App.app in Embed Watch Content */ = {isa = PBXBuildFile; fileRef = C23F9A0D2C0098C2001FE56F /* WatchProtect Watch App.app */; settings = {ATTRIBUTES = (RemoveHeadersOnCopy, ); }; };
		C240B3452C11C8AB00ED0E16 /* Animation - 1717670163836.json in Resources */ = {isa = PBXBuildFile; fileRef = C240B3442C11C8AB00ED0E16 /* Animation - 1717670163836.json */; };
		C249A9DB2C10DF0C004293B7 /* Animation - 1717609436208.json in Resources */ = {isa = PBXBuildFile; fileRef = C249A9DA2C10DF0B004293B7 /* Animation - 1717609436208.json */; };
		C249A9DD2C10DF35004293B7 /* Loading.swift in Sources */ = {isa = PBXBuildFile; fileRef = C249A9DC2C10DF35004293B7 /* Loading.swift */; };
		C25CE97E2BFDFC9D008CE99A /* FirebaseAuthUI in Frameworks */ = {isa = PBXBuildFile; productRef = C25CE97D2BFDFC9D008CE99A /* FirebaseAuthUI */; };
		C25CE9822BFDFC9D008CE99A /* FirebasePhoneAuthUI in Frameworks */ = {isa = PBXBuildFile; productRef = C25CE9812BFDFC9D008CE99A /* FirebasePhoneAuthUI */; };
		C27795DA2BFCB5590034981F /* WidgetKit.framework in Frameworks */ = {isa = PBXBuildFile; fileRef = C27795D92BFCB5590034981F /* WidgetKit.framework */; };
		C27795DC2BFCB5590034981F /* SwiftUI.framework in Frameworks */ = {isa = PBXBuildFile; fileRef = C27795DB2BFCB5590034981F /* SwiftUI.framework */; };
		C27795DF2BFCB5590034981F /* UProtect_WidgetBundle.swift in Sources */ = {isa = PBXBuildFile; fileRef = C27795DE2BFCB5590034981F /* UProtect_WidgetBundle.swift */; };
		C27795E32BFCB5590034981F /* UProtect_Widget.swift in Sources */ = {isa = PBXBuildFile; fileRef = C27795E22BFCB5590034981F /* UProtect_Widget.swift */; };
		C27795E72BFCB55A0034981F /* Assets.xcassets in Resources */ = {isa = PBXBuildFile; fileRef = C27795E62BFCB55A0034981F /* Assets.xcassets */; };
		C27795EB2BFCB55A0034981F /* UProtect-WidgetExtension.appex in Embed Foundation Extensions */ = {isa = PBXBuildFile; fileRef = C27795D72BFCB5590034981F /* UProtect-WidgetExtension.appex */; settings = {ATTRIBUTES = (RemoveHeadersOnCopy, ); }; };
		C2893DD22BEB7FE400733211 /* ContactView.swift in Sources */ = {isa = PBXBuildFile; fileRef = C2893DD12BEB7FE400733211 /* ContactView.swift */; };
		C2893DD62BEB8B9600733211 /* Counter.swift in Sources */ = {isa = PBXBuildFile; fileRef = C2893DD52BEB8B9600733211 /* Counter.swift */; };
		C2893DD92BEB8C1900733211 /* RingView.swift in Sources */ = {isa = PBXBuildFile; fileRef = C2893DD82BEB8C1900733211 /* RingView.swift */; };
		C293A8992BF36C740008F1F8 /* SwiftJWT in Frameworks */ = {isa = PBXBuildFile; productRef = C293A8982BF36C740008F1F8 /* SwiftJWT */; };
		C2E403632C10433900F5B4F7 /* SharedTimerManager.swift in Sources */ = {isa = PBXBuildFile; fileRef = C2E4035F2C10433900F5B4F7 /* SharedTimerManager.swift */; };
		C2E403642C10433900F5B4F7 /* SharedTimerManager.swift in Sources */ = {isa = PBXBuildFile; fileRef = C2E4035F2C10433900F5B4F7 /* SharedTimerManager.swift */; };
		C2E4036A2C1043E500F5B4F7 /* PremiumPopUp.swift in Sources */ = {isa = PBXBuildFile; fileRef = C2E403692C1043E500F5B4F7 /* PremiumPopUp.swift */; };
		C2E4036B2C10441400F5B4F7 /* TimerManagerWatch.swift in Sources */ = {isa = PBXBuildFile; fileRef = C2E403612C10433900F5B4F7 /* TimerManagerWatch.swift */; };
		C2E4036C2C10441800F5B4F7 /* TimerManagerIOS.swift in Sources */ = {isa = PBXBuildFile; fileRef = C2E403602C10433900F5B4F7 /* TimerManagerIOS.swift */; };
		C2E4036E2C1045D500F5B4F7 /* Corso2.swift in Sources */ = {isa = PBXBuildFile; fileRef = C2E4036D2C1045D500F5B4F7 /* Corso2.swift */; };
		E0293D2D2C11DF0800EB6485 /* Vuota.swift in Sources */ = {isa = PBXBuildFile; fileRef = E0293D2C2C11DF0800EB6485 /* Vuota.swift */; };
		E0293D2F2C11DF5700EB6485 /* OnBoarding2.swift in Sources */ = {isa = PBXBuildFile; fileRef = E0293D2E2C11DF5700EB6485 /* OnBoarding2.swift */; };
		E04060212C09C47D0018252D /* NoLocationView.swift in Sources */ = {isa = PBXBuildFile; fileRef = E04060202C09C47D0018252D /* NoLocationView.swift */; };
		E0420F412BF4BFDB00F5B5D0 /* LogInView.swift in Sources */ = {isa = PBXBuildFile; fileRef = E0420F402BF4BFDB00F5B5D0 /* LogInView.swift */; };
		E0420F432BF4BFFC00F5B5D0 /* CloudViewModel.swift in Sources */ = {isa = PBXBuildFile; fileRef = E0420F422BF4BFFC00F5B5D0 /* CloudViewModel.swift */; };
		E0456A472BF8F342002B514F /* otpView.swift in Sources */ = {isa = PBXBuildFile; fileRef = E0456A462BF8F342002B514F /* otpView.swift */; };
		E06A202B2C0B7980005D4D67 /* Corso1.swift in Sources */ = {isa = PBXBuildFile; fileRef = E06A202A2C0B7980005D4D67 /* Corso1.swift */; };
		E06A20592C0E0F3A005D4D67 /* Vuota.swift in Sources */ = {isa = PBXBuildFile; fileRef = E06A20582C0E0F3A005D4D67 /* Vuota.swift */; };
		E06A205B2C0E2D01005D4D67 /* Localizable.xcstrings in Resources */ = {isa = PBXBuildFile; fileRef = E06A205A2C0E2D01005D4D67 /* Localizable.xcstrings */; };
		E06C1E2B2C12E9C40077CE4C /* Animation - 1717744147505.json in Resources */ = {isa = PBXBuildFile; fileRef = E06C1E2A2C12E9C40077CE4C /* Animation - 1717744147505.json */; };
		E092099A2BEBE2B0005AD0FB /* TimeCounter.swift in Sources */ = {isa = PBXBuildFile; fileRef = E09209992BEBE2B0005AD0FB /* TimeCounter.swift */; };
		E092099C2BEBE312005AD0FB /* SettingsView.swift in Sources */ = {isa = PBXBuildFile; fileRef = E092099B2BEBE312005AD0FB /* SettingsView.swift */; };
		E09209A02BEBE394005AD0FB /* TimerSettings.swift in Sources */ = {isa = PBXBuildFile; fileRef = E092099F2BEBE394005AD0FB /* TimerSettings.swift */; };
		E0B954222C00E21100EBCD81 /* Onboarding.swift in Sources */ = {isa = PBXBuildFile; fileRef = E0B954212C00E21100EBCD81 /* Onboarding.swift */; };
		E0B954242C00E33F00EBCD81 /* PageControl.swift in Sources */ = {isa = PBXBuildFile; fileRef = E0B954232C00E33F00EBCD81 /* PageControl.swift */; };
		E0B954282C01EC9B00EBCD81 /* SwiftJWT in Frameworks */ = {isa = PBXBuildFile; productRef = E0B954272C01EC9B00EBCD81 /* SwiftJWT */; };
		E0D1D9CB2BFCBFE200506367 /* ButtonView.swift in Sources */ = {isa = PBXBuildFile; fileRef = E0D1D9CA2BFCBFE200506367 /* ButtonView.swift */; };
		E0EAD06F2BFDFFDA006753F5 /* Controller.swift in Sources */ = {isa = PBXBuildFile; fileRef = E0EAD06E2BFDFFDA006753F5 /* Controller.swift */; };
		E0EAD0752BFE5530006753F5 /* UProtect.swift in Sources */ = {isa = PBXBuildFile; fileRef = E0EAD0742BFE5530006753F5 /* UProtect.swift */; };
		E0EAD0E42BFF80A2006753F5 /* AudioRecorder.swift in Sources */ = {isa = PBXBuildFile; fileRef = E0EAD0E32BFF80A2006753F5 /* AudioRecorder.swift */; };
		E0EAD0E62BFF823E006753F5 /* AudioPlayer.swift in Sources */ = {isa = PBXBuildFile; fileRef = E0EAD0E52BFF823E006753F5 /* AudioPlayer.swift */; };
		E0EAD0E82BFF82B7006753F5 /* RecordingList.swift in Sources */ = {isa = PBXBuildFile; fileRef = E0EAD0E72BFF82B7006753F5 /* RecordingList.swift */; };
		E0F1A67C2C079A7200B0D16A /* TimerManager.swift in Sources */ = {isa = PBXBuildFile; fileRef = E0F1A67B2C079A7200B0D16A /* TimerManager.swift */; };
		E0F1A6802C079BF000B0D16A /* ContentView.swift in Sources */ = {isa = PBXBuildFile; fileRef = C23F9A112C0098C2001FE56F /* ContentView.swift */; };
/* End PBXBuildFile section */

/* Begin PBXContainerItemProxy section */
		C23F9A182C0098C3001FE56F /* PBXContainerItemProxy */ = {
			isa = PBXContainerItemProxy;
			containerPortal = C21DD8322BE4D471003EB614 /* Project object */;
			proxyType = 1;
			remoteGlobalIDString = C23F9A0C2C0098C2001FE56F;
			remoteInfo = "WatchProtect Watch App";
		};
		C27795E92BFCB55A0034981F /* PBXContainerItemProxy */ = {
			isa = PBXContainerItemProxy;
			containerPortal = C21DD8322BE4D471003EB614 /* Project object */;
			proxyType = 1;
			remoteGlobalIDString = C27795D62BFCB5590034981F;
			remoteInfo = "UProtect-WidgetExtension";
		};
/* End PBXContainerItemProxy section */

/* Begin PBXCopyFilesBuildPhase section */
		C27795EF2BFCB55A0034981F /* Embed Foundation Extensions */ = {
			isa = PBXCopyFilesBuildPhase;
			buildActionMask = 2147483647;
			dstPath = "";
			dstSubfolderSpec = 13;
			files = (
				C27795EB2BFCB55A0034981F /* UProtect-WidgetExtension.appex in Embed Foundation Extensions */,
			);
			name = "Embed Foundation Extensions";
			runOnlyForDeploymentPostprocessing = 0;
		};
		E0EAD08B2BFF338A006753F5 /* Embed Watch Content */ = {
			isa = PBXCopyFilesBuildPhase;
			buildActionMask = 2147483647;
			dstPath = "$(CONTENTS_FOLDER_PATH)/Watch";
			dstSubfolderSpec = 16;
			files = (
				C23F9A1A2C0098C3001FE56F /* WatchProtect Watch App.app in Embed Watch Content */,
			);
			name = "Embed Watch Content";
			runOnlyForDeploymentPostprocessing = 0;
		};
		E0F1A6962C07ABE800B0D16A /* Embed ExtensionKit Extensions */ = {
			isa = PBXCopyFilesBuildPhase;
			buildActionMask = 2147483647;
			dstPath = "$(EXTENSIONS_FOLDER_PATH)";
			dstSubfolderSpec = 16;
			files = (
			);
			name = "Embed ExtensionKit Extensions";
			runOnlyForDeploymentPostprocessing = 0;
		};
/* End PBXCopyFilesBuildPhase section */

/* Begin PBXFileReference section */
		175A0A622C05BD4400101A32 /* MapView.swift */ = {isa = PBXFileReference; lastKnownFileType = sourcecode.swift; path = MapView.swift; sourceTree = "<group>"; };
		175A0A642C05BD7200101A32 /* FetchLocation.swift */ = {isa = PBXFileReference; lastKnownFileType = sourcecode.swift; path = FetchLocation.swift; sourceTree = "<group>"; };
		175A0A662C05BDB300101A32 /* LocationManager.swift */ = {isa = PBXFileReference; lastKnownFileType = sourcecode.swift; path = LocationManager.swift; sourceTree = "<group>"; };
		1763CF2B2C0EEEC200A465C4 /* DirectionView.swift */ = {isa = PBXFileReference; lastKnownFileType = sourcecode.swift; path = DirectionView.swift; sourceTree = "<group>"; };
		997DA7F52C14B2AB0048ABB9 /* AuthKey_MD5P379685.p8 */ = {isa = PBXFileReference; fileEncoding = 4; lastKnownFileType = text; path = AuthKey_MD5P379685.p8; sourceTree = "<group>"; };
		997DA7F82C14B3220048ABB9 /* GoogleService-Info.plist */ = {isa = PBXFileReference; fileEncoding = 4; lastKnownFileType = text.plist.xml; path = "GoogleService-Info.plist"; sourceTree = "<group>"; };
		999499F82C03B7B50074604F /* Study.json */ = {isa = PBXFileReference; fileEncoding = 4; lastKnownFileType = text.json; path = Study.json; sourceTree = "<group>"; };
		99A452642C05C5E8004700FE /* Animation - 1716803277345.json */ = {isa = PBXFileReference; fileEncoding = 4; lastKnownFileType = text.json; path = "Animation - 1716803277345.json"; sourceTree = "<group>"; };
		99A452662C05C5EE004700FE /* Animation - 1716803884547.json */ = {isa = PBXFileReference; fileEncoding = 4; lastKnownFileType = text.json; path = "Animation - 1716803884547.json"; sourceTree = "<group>"; };
		99A452682C05C5F4004700FE /* Animation - 1716804413916.json */ = {isa = PBXFileReference; fileEncoding = 4; lastKnownFileType = text.json; path = "Animation - 1716804413916.json"; sourceTree = "<group>"; };
		99B555672C13BEDB0096F0B4 /* CoursesStructs.swift */ = {isa = PBXFileReference; lastKnownFileType = sourcecode.swift; path = CoursesStructs.swift; sourceTree = "<group>"; };
		99B555692C13BEE80096F0B4 /* CoursesStructs2.swift */ = {isa = PBXFileReference; lastKnownFileType = sourcecode.swift; path = CoursesStructs2.swift; sourceTree = "<group>"; };
		99B5556B2C13BEF50096F0B4 /* CoursesStructs3.swift */ = {isa = PBXFileReference; lastKnownFileType = sourcecode.swift; path = CoursesStructs3.swift; sourceTree = "<group>"; };
		99B5556D2C13BF020096F0B4 /* CoursesStructs4.swift */ = {isa = PBXFileReference; lastKnownFileType = sourcecode.swift; path = CoursesStructs4.swift; sourceTree = "<group>"; };
		99B5556F2C13BF220096F0B4 /* Corso3.swift */ = {isa = PBXFileReference; lastKnownFileType = sourcecode.swift; path = Corso3.swift; sourceTree = "<group>"; };
		99B555712C13BF2E0096F0B4 /* Corso4.swift */ = {isa = PBXFileReference; lastKnownFileType = sourcecode.swift; path = Corso4.swift; sourceTree = "<group>"; };
		99B555732C13BF410096F0B4 /* Animation - 1717796337306.json */ = {isa = PBXFileReference; fileEncoding = 4; lastKnownFileType = text.json; path = "Animation - 1717796337306.json"; sourceTree = "<group>"; };
		99B555742C13BF410096F0B4 /* Animation - 1717796203824.json */ = {isa = PBXFileReference; fileEncoding = 4; lastKnownFileType = text.json; path = "Animation - 1717796203824.json"; sourceTree = "<group>"; };
		C20EBDC72C0F14A9002EA465 /* UProtect.entitlements */ = {isa = PBXFileReference; fileEncoding = 4; lastKnownFileType = text.plist.entitlements; path = UProtect.entitlements; sourceTree = "<group>"; };
		C21DD83A2BE4D471003EB614 /* UProtect.app */ = {isa = PBXFileReference; explicitFileType = wrapper.application; includeInIndex = 0; path = UProtect.app; sourceTree = BUILT_PRODUCTS_DIR; };
		C21DD83D2BE4D471003EB614 /* UProtectApp.swift */ = {isa = PBXFileReference; lastKnownFileType = sourcecode.swift; path = UProtectApp.swift; sourceTree = "<group>"; };
		C21DD83F2BE4D471003EB614 /* ContentView.swift */ = {isa = PBXFileReference; lastKnownFileType = sourcecode.swift; path = ContentView.swift; sourceTree = "<group>"; };
		C21DD8412BE4D472003EB614 /* Assets.xcassets */ = {isa = PBXFileReference; lastKnownFileType = folder.assetcatalog; path = Assets.xcassets; sourceTree = "<group>"; };
		C21DD8442BE4D472003EB614 /* Preview Assets.xcassets */ = {isa = PBXFileReference; lastKnownFileType = folder.assetcatalog; path = "Preview Assets.xcassets"; sourceTree = "<group>"; };
		C21DD84B2BE4DAC2003EB614 /* Vonage.swift */ = {isa = PBXFileReference; lastKnownFileType = sourcecode.swift; path = Vonage.swift; sourceTree = "<group>"; };
		C21DD85A2BE51306003EB614 /* ContactListView.swift */ = {isa = PBXFileReference; lastKnownFileType = sourcecode.swift; path = ContactListView.swift; sourceTree = "<group>"; };
		C21DD85D2BE51844003EB614 /* ContactModel.swift */ = {isa = PBXFileReference; lastKnownFileType = sourcecode.swift; path = ContactModel.swift; sourceTree = "<group>"; };
		C23050432C05C7070056BEAA /* LottieView2.swift */ = {isa = PBXFileReference; fileEncoding = 4; lastKnownFileType = sourcecode.swift; path = LottieView2.swift; sourceTree = "<group>"; };
		C23050442C05C7070056BEAA /* CoursesView.swift */ = {isa = PBXFileReference; fileEncoding = 4; lastKnownFileType = sourcecode.swift; path = CoursesView.swift; sourceTree = "<group>"; };
		C23050452C05C7070056BEAA /* LottieView3.swift */ = {isa = PBXFileReference; fileEncoding = 4; lastKnownFileType = sourcecode.swift; path = LottieView3.swift; sourceTree = "<group>"; };
		C23050462C05C7070056BEAA /* LottieView4.swift */ = {isa = PBXFileReference; fileEncoding = 4; lastKnownFileType = sourcecode.swift; path = LottieView4.swift; sourceTree = "<group>"; };
		C23050472C05C7070056BEAA /* LottieView.swift */ = {isa = PBXFileReference; fileEncoding = 4; lastKnownFileType = sourcecode.swift; path = LottieView.swift; sourceTree = "<group>"; };
		C233DA9F2BEE1B72000072C4 /* Location.swift */ = {isa = PBXFileReference; lastKnownFileType = sourcecode.swift; path = Location.swift; sourceTree = "<group>"; };
		C23F9A0D2C0098C2001FE56F /* WatchProtect Watch App.app */ = {isa = PBXFileReference; explicitFileType = wrapper.application; includeInIndex = 0; path = "WatchProtect Watch App.app"; sourceTree = BUILT_PRODUCTS_DIR; };
		C23F9A0F2C0098C2001FE56F /* WatchProtectApp.swift */ = {isa = PBXFileReference; lastKnownFileType = sourcecode.swift; path = WatchProtectApp.swift; sourceTree = "<group>"; };
		C23F9A112C0098C2001FE56F /* ContentView.swift */ = {isa = PBXFileReference; lastKnownFileType = sourcecode.swift; path = ContentView.swift; sourceTree = "<group>"; };
		C23F9A132C0098C3001FE56F /* Assets.xcassets */ = {isa = PBXFileReference; lastKnownFileType = folder.assetcatalog; path = Assets.xcassets; sourceTree = "<group>"; };
		C23F9A162C0098C3001FE56F /* Preview Assets.xcassets */ = {isa = PBXFileReference; lastKnownFileType = folder.assetcatalog; path = "Preview Assets.xcassets"; sourceTree = "<group>"; };
		C240B3442C11C8AB00ED0E16 /* Animation - 1717670163836.json */ = {isa = PBXFileReference; fileEncoding = 4; lastKnownFileType = text.json; path = "Animation - 1717670163836.json"; sourceTree = "<group>"; };
		C249A9DA2C10DF0B004293B7 /* Animation - 1717609436208.json */ = {isa = PBXFileReference; fileEncoding = 4; lastKnownFileType = text.json; path = "Animation - 1717609436208.json"; sourceTree = "<group>"; };
		C249A9DC2C10DF35004293B7 /* Loading.swift */ = {isa = PBXFileReference; lastKnownFileType = sourcecode.swift; path = Loading.swift; sourceTree = "<group>"; };
		C25CE9C72BFFCC72008CE99A /* Info.plist */ = {isa = PBXFileReference; fileEncoding = 4; lastKnownFileType = text.plist.xml; path = Info.plist; sourceTree = "<group>"; };
		C27795D72BFCB5590034981F /* UProtect-WidgetExtension.appex */ = {isa = PBXFileReference; explicitFileType = "wrapper.app-extension"; includeInIndex = 0; path = "UProtect-WidgetExtension.appex"; sourceTree = BUILT_PRODUCTS_DIR; };
		C27795D92BFCB5590034981F /* WidgetKit.framework */ = {isa = PBXFileReference; lastKnownFileType = wrapper.framework; name = WidgetKit.framework; path = System/Library/Frameworks/WidgetKit.framework; sourceTree = SDKROOT; };
		C27795DB2BFCB5590034981F /* SwiftUI.framework */ = {isa = PBXFileReference; lastKnownFileType = wrapper.framework; name = SwiftUI.framework; path = System/Library/Frameworks/SwiftUI.framework; sourceTree = SDKROOT; };
		C27795DE2BFCB5590034981F /* UProtect_WidgetBundle.swift */ = {isa = PBXFileReference; lastKnownFileType = sourcecode.swift; path = UProtect_WidgetBundle.swift; sourceTree = "<group>"; };
		C27795E22BFCB5590034981F /* UProtect_Widget.swift */ = {isa = PBXFileReference; lastKnownFileType = sourcecode.swift; path = UProtect_Widget.swift; sourceTree = "<group>"; };
		C27795E62BFCB55A0034981F /* Assets.xcassets */ = {isa = PBXFileReference; lastKnownFileType = folder.assetcatalog; path = Assets.xcassets; sourceTree = "<group>"; };
		C27795E82BFCB55A0034981F /* Info.plist */ = {isa = PBXFileReference; lastKnownFileType = text.plist.xml; path = Info.plist; sourceTree = "<group>"; };
		C2893DD12BEB7FE400733211 /* ContactView.swift */ = {isa = PBXFileReference; lastKnownFileType = sourcecode.swift; path = ContactView.swift; sourceTree = "<group>"; };
		C2893DD52BEB8B9600733211 /* Counter.swift */ = {isa = PBXFileReference; lastKnownFileType = sourcecode.swift; path = Counter.swift; sourceTree = "<group>"; };
		C2893DD82BEB8C1900733211 /* RingView.swift */ = {isa = PBXFileReference; lastKnownFileType = sourcecode.swift; path = RingView.swift; sourceTree = "<group>"; };
		C2E4035F2C10433900F5B4F7 /* SharedTimerManager.swift */ = {isa = PBXFileReference; fileEncoding = 4; lastKnownFileType = sourcecode.swift; path = SharedTimerManager.swift; sourceTree = "<group>"; };
		C2E403602C10433900F5B4F7 /* TimerManagerIOS.swift */ = {isa = PBXFileReference; fileEncoding = 4; lastKnownFileType = sourcecode.swift; path = TimerManagerIOS.swift; sourceTree = "<group>"; };
		C2E403612C10433900F5B4F7 /* TimerManagerWatch.swift */ = {isa = PBXFileReference; fileEncoding = 4; lastKnownFileType = sourcecode.swift; path = TimerManagerWatch.swift; sourceTree = "<group>"; };
		C2E403692C1043E500F5B4F7 /* PremiumPopUp.swift */ = {isa = PBXFileReference; fileEncoding = 4; lastKnownFileType = sourcecode.swift; path = PremiumPopUp.swift; sourceTree = "<group>"; };
		C2E4036D2C1045D500F5B4F7 /* Corso2.swift */ = {isa = PBXFileReference; fileEncoding = 4; lastKnownFileType = sourcecode.swift; path = Corso2.swift; sourceTree = "<group>"; };
		E0293D2C2C11DF0800EB6485 /* Vuota.swift */ = {isa = PBXFileReference; lastKnownFileType = sourcecode.swift; name = Vuota.swift; path = ../Vuota.swift; sourceTree = "<group>"; };
		E0293D2E2C11DF5700EB6485 /* OnBoarding2.swift */ = {isa = PBXFileReference; fileEncoding = 4; lastKnownFileType = sourcecode.swift; path = OnBoarding2.swift; sourceTree = "<group>"; };
		E04060202C09C47D0018252D /* NoLocationView.swift */ = {isa = PBXFileReference; lastKnownFileType = sourcecode.swift; path = NoLocationView.swift; sourceTree = "<group>"; };
		E0420F402BF4BFDB00F5B5D0 /* LogInView.swift */ = {isa = PBXFileReference; lastKnownFileType = sourcecode.swift; path = LogInView.swift; sourceTree = "<group>"; };
		E0420F422BF4BFFC00F5B5D0 /* CloudViewModel.swift */ = {isa = PBXFileReference; lastKnownFileType = sourcecode.swift; path = CloudViewModel.swift; sourceTree = "<group>"; };
		E0456A462BF8F342002B514F /* otpView.swift */ = {isa = PBXFileReference; lastKnownFileType = sourcecode.swift; path = otpView.swift; sourceTree = "<group>"; };
		E06A202A2C0B7980005D4D67 /* Corso1.swift */ = {isa = PBXFileReference; lastKnownFileType = sourcecode.swift; path = Corso1.swift; sourceTree = "<group>"; };
		E06A20582C0E0F3A005D4D67 /* Vuota.swift */ = {isa = PBXFileReference; lastKnownFileType = sourcecode.swift; path = Vuota.swift; sourceTree = "<group>"; };
		E06A205A2C0E2D01005D4D67 /* Localizable.xcstrings */ = {isa = PBXFileReference; lastKnownFileType = text.json.xcstrings; path = Localizable.xcstrings; sourceTree = "<group>"; };
		E06C1E2A2C12E9C40077CE4C /* Animation - 1717744147505.json */ = {isa = PBXFileReference; fileEncoding = 4; lastKnownFileType = text.json; path = "Animation - 1717744147505.json"; sourceTree = "<group>"; };
		E09209992BEBE2B0005AD0FB /* TimeCounter.swift */ = {isa = PBXFileReference; lastKnownFileType = sourcecode.swift; path = TimeCounter.swift; sourceTree = "<group>"; };
		E092099B2BEBE312005AD0FB /* SettingsView.swift */ = {isa = PBXFileReference; lastKnownFileType = sourcecode.swift; path = SettingsView.swift; sourceTree = "<group>"; };
		E092099F2BEBE394005AD0FB /* TimerSettings.swift */ = {isa = PBXFileReference; lastKnownFileType = sourcecode.swift; path = TimerSettings.swift; sourceTree = "<group>"; };
		E0B954212C00E21100EBCD81 /* Onboarding.swift */ = {isa = PBXFileReference; lastKnownFileType = sourcecode.swift; path = Onboarding.swift; sourceTree = "<group>"; };
		E0B954232C00E33F00EBCD81 /* PageControl.swift */ = {isa = PBXFileReference; lastKnownFileType = sourcecode.swift; path = PageControl.swift; sourceTree = "<group>"; };
		E0B9542D2C01F55000EBCD81 /* WatchProtect-Watch-App-Info.plist */ = {isa = PBXFileReference; lastKnownFileType = text.plist; path = "WatchProtect-Watch-App-Info.plist"; sourceTree = SOURCE_ROOT; };
		E0D1D9CA2BFCBFE200506367 /* ButtonView.swift */ = {isa = PBXFileReference; lastKnownFileType = sourcecode.swift; path = ButtonView.swift; sourceTree = "<group>"; };
		E0EAD06E2BFDFFDA006753F5 /* Controller.swift */ = {isa = PBXFileReference; lastKnownFileType = sourcecode.swift; path = Controller.swift; sourceTree = "<group>"; };
		E0EAD0742BFE5530006753F5 /* UProtect.swift */ = {isa = PBXFileReference; lastKnownFileType = sourcecode.swift; path = UProtect.swift; sourceTree = "<group>"; };
		E0EAD0E32BFF80A2006753F5 /* AudioRecorder.swift */ = {isa = PBXFileReference; lastKnownFileType = sourcecode.swift; path = AudioRecorder.swift; sourceTree = "<group>"; };
		E0EAD0E52BFF823E006753F5 /* AudioPlayer.swift */ = {isa = PBXFileReference; lastKnownFileType = sourcecode.swift; path = AudioPlayer.swift; sourceTree = "<group>"; };
		E0EAD0E72BFF82B7006753F5 /* RecordingList.swift */ = {isa = PBXFileReference; lastKnownFileType = sourcecode.swift; path = RecordingList.swift; sourceTree = "<group>"; };
		E0F1A67B2C079A7200B0D16A /* TimerManager.swift */ = {isa = PBXFileReference; lastKnownFileType = sourcecode.swift; path = TimerManager.swift; sourceTree = "<group>"; };
/* End PBXFileReference section */

/* Begin PBXFrameworksBuildPhase section */
		C21DD8372BE4D471003EB614 /* Frameworks */ = {
			isa = PBXFrameworksBuildPhase;
			buildActionMask = 2147483647;
			files = (
				C293A8992BF36C740008F1F8 /* SwiftJWT in Frameworks */,
				C25CE97E2BFDFC9D008CE99A /* FirebaseAuthUI in Frameworks */,
				C25CE9822BFDFC9D008CE99A /* FirebasePhoneAuthUI in Frameworks */,
				99DC37EE2C03B5B700A2804E /* Lottie in Frameworks */,
			);
			runOnlyForDeploymentPostprocessing = 0;
		};
		C23F9A0A2C0098C2001FE56F /* Frameworks */ = {
			isa = PBXFrameworksBuildPhase;
			buildActionMask = 2147483647;
			files = (
				E0B954282C01EC9B00EBCD81 /* SwiftJWT in Frameworks */,
			);
			runOnlyForDeploymentPostprocessing = 0;
		};
		C27795D42BFCB5590034981F /* Frameworks */ = {
			isa = PBXFrameworksBuildPhase;
			buildActionMask = 2147483647;
			files = (
				C27795DC2BFCB5590034981F /* SwiftUI.framework in Frameworks */,
				C27795DA2BFCB5590034981F /* WidgetKit.framework in Frameworks */,
			);
			runOnlyForDeploymentPostprocessing = 0;
		};
/* End PBXFrameworksBuildPhase section */

/* Begin PBXGroup section */
		999499F72C03B79C0074604F /* Lotties */ = {
			isa = PBXGroup;
			children = (
				E06C1E2A2C12E9C40077CE4C /* Animation - 1717744147505.json */,
				C249A9DA2C10DF0B004293B7 /* Animation - 1717609436208.json */,
				99A452682C05C5F4004700FE /* Animation - 1716804413916.json */,
				99A452662C05C5EE004700FE /* Animation - 1716803884547.json */,
				99A452642C05C5E8004700FE /* Animation - 1716803277345.json */,
				C240B3442C11C8AB00ED0E16 /* Animation - 1717670163836.json */,
				999499F82C03B7B50074604F /* Study.json */,
				99B555742C13BF410096F0B4 /* Animation - 1717796203824.json */,
				99B555732C13BF410096F0B4 /* Animation - 1717796337306.json */,
			);
			path = Lotties;
			sourceTree = "<group>";
		};
		C21DD8312BE4D471003EB614 = {
			isa = PBXGroup;
			children = (
				C2E403622C10433900F5B4F7 /* Shared */,
				999499F72C03B79C0074604F /* Lotties */,
				C21DD83C2BE4D471003EB614 /* UProtect */,
				C27795DD2BFCB5590034981F /* UProtect-Widget */,
				C23F9A0E2C0098C2001FE56F /* WatchProtect Watch App */,
				C27795D82BFCB5590034981F /* Frameworks */,
				C21DD83B2BE4D471003EB614 /* Products */,
			);
			sourceTree = "<group>";
		};
		C21DD83B2BE4D471003EB614 /* Products */ = {
			isa = PBXGroup;
			children = (
				C21DD83A2BE4D471003EB614 /* UProtect.app */,
				C27795D72BFCB5590034981F /* UProtect-WidgetExtension.appex */,
				C23F9A0D2C0098C2001FE56F /* WatchProtect Watch App.app */,
			);
			name = Products;
			sourceTree = "<group>";
		};
		C21DD83C2BE4D471003EB614 /* UProtect */ = {
			isa = PBXGroup;
			children = (
				E06A205A2C0E2D01005D4D67 /* Localizable.xcstrings */,
				C25CE9C72BFFCC72008CE99A /* Info.plist */,
				997DA7F52C14B2AB0048ABB9 /* AuthKey_MD5P379685.p8 */,
				997DA7F82C14B3220048ABB9 /* GoogleService-Info.plist */,
				C20EBDC72C0F14A9002EA465 /* UProtect.entitlements */,
				C21DD83D2BE4D471003EB614 /* UProtectApp.swift */,
				E0EAD0742BFE5530006753F5 /* UProtect.swift */,
				C2893DD72BEB8C0B00733211 /* Components */,
				C21DD85C2BE5183A003EB614 /* Model */,
				C21DD8572BE4E9A4003EB614 /* View */,
				C21DD83F2BE4D471003EB614 /* ContentView.swift */,
				C21DD84B2BE4DAC2003EB614 /* Vonage.swift */,
				C21DD8412BE4D472003EB614 /* Assets.xcassets */,
				C21DD8432BE4D472003EB614 /* Preview Content */,
			);
			path = UProtect;
			sourceTree = "<group>";
		};
		C21DD8432BE4D472003EB614 /* Preview Content */ = {
			isa = PBXGroup;
			children = (
				C21DD8442BE4D472003EB614 /* Preview Assets.xcassets */,
			);
			path = "Preview Content";
			sourceTree = "<group>";
		};
		C21DD8572BE4E9A4003EB614 /* View */ = {
			isa = PBXGroup;
			children = (
				E0EAD0E22BFF804F006753F5 /* Recordings */,
				E0B954212C00E21100EBCD81 /* Onboarding.swift */,
				E0293D2E2C11DF5700EB6485 /* OnBoarding2.swift */,
				E0420F402BF4BFDB00F5B5D0 /* LogInView.swift */,
				C249A9DC2C10DF35004293B7 /* Loading.swift */,
				E0456A462BF8F342002B514F /* otpView.swift */,
				E06A20292C0B78F1005D4D67 /* Courses */,
				E0F1A6B72C08D29A00B0D16A /* LottieViews */,
				E04060202C09C47D0018252D /* NoLocationView.swift */,
				175A0A622C05BD4400101A32 /* MapView.swift */,
				1763CF2B2C0EEEC200A465C4 /* DirectionView.swift */,
				E0D1D9CA2BFCBFE200506367 /* ButtonView.swift */,
				C2893DD12BEB7FE400733211 /* ContactView.swift */,
				E092099B2BEBE312005AD0FB /* SettingsView.swift */,
				E092099F2BEBE394005AD0FB /* TimerSettings.swift */,
			);
			path = View;
			sourceTree = "<group>";
		};
		C21DD85C2BE5183A003EB614 /* Model */ = {
			isa = PBXGroup;
			children = (
				C21DD85A2BE51306003EB614 /* ContactListView.swift */,
				C21DD85D2BE51844003EB614 /* ContactModel.swift */,
				C2893DD52BEB8B9600733211 /* Counter.swift */,
				C233DA9F2BEE1B72000072C4 /* Location.swift */,
				175A0A662C05BDB300101A32 /* LocationManager.swift */,
				E0420F422BF4BFFC00F5B5D0 /* CloudViewModel.swift */,
				E0EAD06E2BFDFFDA006753F5 /* Controller.swift */,
				175A0A642C05BD7200101A32 /* FetchLocation.swift */,
				E0F1A67B2C079A7200B0D16A /* TimerManager.swift */,
			);
			path = Model;
			sourceTree = "<group>";
		};
		C23F9A0E2C0098C2001FE56F /* WatchProtect Watch App */ = {
			isa = PBXGroup;
			children = (
				E0B9542D2C01F55000EBCD81 /* WatchProtect-Watch-App-Info.plist */,
				C23F9A0F2C0098C2001FE56F /* WatchProtectApp.swift */,
				E06A20582C0E0F3A005D4D67 /* Vuota.swift */,
				C23F9A112C0098C2001FE56F /* ContentView.swift */,
				C23F9A132C0098C3001FE56F /* Assets.xcassets */,
				C23F9A152C0098C3001FE56F /* Preview Content */,
			);
			path = "WatchProtect Watch App";
			sourceTree = "<group>";
		};
		C23F9A152C0098C3001FE56F /* Preview Content */ = {
			isa = PBXGroup;
			children = (
				C23F9A162C0098C3001FE56F /* Preview Assets.xcassets */,
			);
			path = "Preview Content";
			sourceTree = "<group>";
		};
		C27795D82BFCB5590034981F /* Frameworks */ = {
			isa = PBXGroup;
			children = (
				C27795D92BFCB5590034981F /* WidgetKit.framework */,
				C27795DB2BFCB5590034981F /* SwiftUI.framework */,
			);
			name = Frameworks;
			sourceTree = "<group>";
		};
		C27795DD2BFCB5590034981F /* UProtect-Widget */ = {
			isa = PBXGroup;
			children = (
				C27795DE2BFCB5590034981F /* UProtect_WidgetBundle.swift */,
				C27795E22BFCB5590034981F /* UProtect_Widget.swift */,
				C27795E62BFCB55A0034981F /* Assets.xcassets */,
				C27795E82BFCB55A0034981F /* Info.plist */,
			);
			path = "UProtect-Widget";
			sourceTree = "<group>";
		};
		C2893DD72BEB8C0B00733211 /* Components */ = {
			isa = PBXGroup;
			children = (
				C2893DD82BEB8C1900733211 /* RingView.swift */,
				E09209992BEBE2B0005AD0FB /* TimeCounter.swift */,
				E0B954232C00E33F00EBCD81 /* PageControl.swift */,
				C2E403692C1043E500F5B4F7 /* PremiumPopUp.swift */,
			);
			path = Components;
			sourceTree = "<group>";
		};
		C2E403622C10433900F5B4F7 /* Shared */ = {
			isa = PBXGroup;
			children = (
				C2E4035F2C10433900F5B4F7 /* SharedTimerManager.swift */,
				C2E403602C10433900F5B4F7 /* TimerManagerIOS.swift */,
				C2E403612C10433900F5B4F7 /* TimerManagerWatch.swift */,
			);
			path = Shared;
			sourceTree = "<group>";
		};
		E06A20292C0B78F1005D4D67 /* Courses */ = {
			isa = PBXGroup;
			children = (
				E0293D2C2C11DF0800EB6485 /* Vuota.swift */,
				C23050442C05C7070056BEAA /* CoursesView.swift */,
				99B555672C13BEDB0096F0B4 /* CoursesStructs.swift */,
				99B555692C13BEE80096F0B4 /* CoursesStructs2.swift */,
				99B5556B2C13BEF50096F0B4 /* CoursesStructs3.swift */,
				99B5556D2C13BF020096F0B4 /* CoursesStructs4.swift */,
				E06A202A2C0B7980005D4D67 /* Corso1.swift */,
				C2E4036D2C1045D500F5B4F7 /* Corso2.swift */,
				99B5556F2C13BF220096F0B4 /* Corso3.swift */,
				99B555712C13BF2E0096F0B4 /* Corso4.swift */,
			);
			path = Courses;
			sourceTree = "<group>";
		};
		E0EAD0E22BFF804F006753F5 /* Recordings */ = {
			isa = PBXGroup;
			children = (
				E0EAD0E72BFF82B7006753F5 /* RecordingList.swift */,
				E0EAD0E32BFF80A2006753F5 /* AudioRecorder.swift */,
				E0EAD0E52BFF823E006753F5 /* AudioPlayer.swift */,
			);
			path = Recordings;
			sourceTree = "<group>";
		};
		E0F1A6B72C08D29A00B0D16A /* LottieViews */ = {
			isa = PBXGroup;
			children = (
				C23050472C05C7070056BEAA /* LottieView.swift */,
				C23050432C05C7070056BEAA /* LottieView2.swift */,
				C23050452C05C7070056BEAA /* LottieView3.swift */,
				C23050462C05C7070056BEAA /* LottieView4.swift */,
			);
			path = LottieViews;
			sourceTree = "<group>";
		};
/* End PBXGroup section */

/* Begin PBXNativeTarget section */
		C21DD8392BE4D471003EB614 /* UProtect */ = {
			isa = PBXNativeTarget;
			buildConfigurationList = C21DD8482BE4D472003EB614 /* Build configuration list for PBXNativeTarget "UProtect" */;
			buildPhases = (
				C21DD8362BE4D471003EB614 /* Sources */,
				C21DD8372BE4D471003EB614 /* Frameworks */,
				C21DD8382BE4D471003EB614 /* Resources */,
				C27795EF2BFCB55A0034981F /* Embed Foundation Extensions */,
				E0EAD08B2BFF338A006753F5 /* Embed Watch Content */,
			);
			buildRules = (
			);
			dependencies = (
				C27795EA2BFCB55A0034981F /* PBXTargetDependency */,
				C23F9A192C0098C3001FE56F /* PBXTargetDependency */,
			);
			name = UProtect;
			packageProductDependencies = (
				C293A8982BF36C740008F1F8 /* SwiftJWT */,
				C25CE97D2BFDFC9D008CE99A /* FirebaseAuthUI */,
				C25CE9812BFDFC9D008CE99A /* FirebasePhoneAuthUI */,
				99DC37ED2C03B5B700A2804E /* Lottie */,
			);
			productName = UProtect;
			productReference = C21DD83A2BE4D471003EB614 /* UProtect.app */;
			productType = "com.apple.product-type.application";
		};
		C23F9A0C2C0098C2001FE56F /* WatchProtect Watch App */ = {
			isa = PBXNativeTarget;
			buildConfigurationList = C23F9A1D2C0098C3001FE56F /* Build configuration list for PBXNativeTarget "WatchProtect Watch App" */;
			buildPhases = (
				C23F9A092C0098C2001FE56F /* Sources */,
				C23F9A0A2C0098C2001FE56F /* Frameworks */,
				C23F9A0B2C0098C2001FE56F /* Resources */,
				E0F1A6962C07ABE800B0D16A /* Embed ExtensionKit Extensions */,
			);
			buildRules = (
			);
			dependencies = (
			);
			name = "WatchProtect Watch App";
			packageProductDependencies = (
				E0B954272C01EC9B00EBCD81 /* SwiftJWT */,
			);
			productName = "WatchProtect Watch App";
			productReference = C23F9A0D2C0098C2001FE56F /* WatchProtect Watch App.app */;
			productType = "com.apple.product-type.application";
		};
		C27795D62BFCB5590034981F /* UProtect-WidgetExtension */ = {
			isa = PBXNativeTarget;
			buildConfigurationList = C27795EC2BFCB55A0034981F /* Build configuration list for PBXNativeTarget "UProtect-WidgetExtension" */;
			buildPhases = (
				C27795D32BFCB5590034981F /* Sources */,
				C27795D42BFCB5590034981F /* Frameworks */,
				C27795D52BFCB5590034981F /* Resources */,
			);
			buildRules = (
			);
			dependencies = (
			);
			name = "UProtect-WidgetExtension";
			productName = "UProtect-WidgetExtension";
			productReference = C27795D72BFCB5590034981F /* UProtect-WidgetExtension.appex */;
			productType = "com.apple.product-type.app-extension";
		};
/* End PBXNativeTarget section */

/* Begin PBXProject section */
		C21DD8322BE4D471003EB614 /* Project object */ = {
			isa = PBXProject;
			attributes = {
				BuildIndependentTargetsInParallel = 1;
				LastSwiftUpdateCheck = 1530;
				LastUpgradeCheck = 1540;
				TargetAttributes = {
					C21DD8392BE4D471003EB614 = {
						CreatedOnToolsVersion = 15.3;
					};
					C23F9A0C2C0098C2001FE56F = {
						CreatedOnToolsVersion = 15.3;
					};
					C27795D62BFCB5590034981F = {
						CreatedOnToolsVersion = 15.3;
					};
				};
			};
			buildConfigurationList = C21DD8352BE4D471003EB614 /* Build configuration list for PBXProject "UProtect" */;
			compatibilityVersion = "Xcode 14.0";
			developmentRegion = en;
			hasScannedForEncodings = 0;
			knownRegions = (
				en,
				Base,
				it,
			);
			mainGroup = C21DD8312BE4D471003EB614;
			packageReferences = (
				C293A8972BF36C740008F1F8 /* XCRemoteSwiftPackageReference "Swift-JWT" */,
				C25CE97A2BFDFC9D008CE99A /* XCRemoteSwiftPackageReference "FirebaseUI-iOS" */,
				99DC37EC2C03B5B700A2804E /* XCRemoteSwiftPackageReference "lottie-ios" */,
			);
			productRefGroup = C21DD83B2BE4D471003EB614 /* Products */;
			projectDirPath = "";
			projectRoot = "";
			targets = (
				C21DD8392BE4D471003EB614 /* UProtect */,
				C27795D62BFCB5590034981F /* UProtect-WidgetExtension */,
				C23F9A0C2C0098C2001FE56F /* WatchProtect Watch App */,
			);
		};
/* End PBXProject section */

/* Begin PBXResourcesBuildPhase section */
		C21DD8382BE4D471003EB614 /* Resources */ = {
			isa = PBXResourcesBuildPhase;
			buildActionMask = 2147483647;
			files = (
				99A452672C05C5EE004700FE /* Animation - 1716803884547.json in Resources */,
				C21DD8452BE4D472003EB614 /* Preview Assets.xcassets in Resources */,
				99A452652C05C5E8004700FE /* Animation - 1716803277345.json in Resources */,
				99B555762C13BF410096F0B4 /* Animation - 1717796203824.json in Resources */,
				999499F92C03B7B50074604F /* Study.json in Resources */,
				C240B3452C11C8AB00ED0E16 /* Animation - 1717670163836.json in Resources */,
				E06C1E2B2C12E9C40077CE4C /* Animation - 1717744147505.json in Resources */,
				C249A9DB2C10DF0C004293B7 /* Animation - 1717609436208.json in Resources */,
				997DA7F92C14B3220048ABB9 /* GoogleService-Info.plist in Resources */,
				99A452692C05C5F4004700FE /* Animation - 1716804413916.json in Resources */,
				99B555752C13BF410096F0B4 /* Animation - 1717796337306.json in Resources */,
				C21DD8422BE4D472003EB614 /* Assets.xcassets in Resources */,
				997DA7F72C14B2C20048ABB9 /* AuthKey_MD5P379685.p8 in Resources */,
				E06A205B2C0E2D01005D4D67 /* Localizable.xcstrings in Resources */,
			);
			runOnlyForDeploymentPostprocessing = 0;
		};
		C23F9A0B2C0098C2001FE56F /* Resources */ = {
			isa = PBXResourcesBuildPhase;
			buildActionMask = 2147483647;
			files = (
				C23F9A172C0098C3001FE56F /* Preview Assets.xcassets in Resources */,
				997DA7F62C14B2AB0048ABB9 /* AuthKey_MD5P379685.p8 in Resources */,
				C23F9A142C0098C3001FE56F /* Assets.xcassets in Resources */,
			);
			runOnlyForDeploymentPostprocessing = 0;
		};
		C27795D52BFCB5590034981F /* Resources */ = {
			isa = PBXResourcesBuildPhase;
			buildActionMask = 2147483647;
			files = (
				C27795E72BFCB55A0034981F /* Assets.xcassets in Resources */,
			);
			runOnlyForDeploymentPostprocessing = 0;
		};
/* End PBXResourcesBuildPhase section */

/* Begin PBXSourcesBuildPhase section */
		C21DD8362BE4D471003EB614 /* Sources */ = {
			isa = PBXSourcesBuildPhase;
			buildActionMask = 2147483647;
			files = (
				99B555682C13BEDB0096F0B4 /* CoursesStructs.swift in Sources */,
				E04060212C09C47D0018252D /* NoLocationView.swift in Sources */,
				C2893DD92BEB8C1900733211 /* RingView.swift in Sources */,
				C21DD85E2BE51844003EB614 /* ContactModel.swift in Sources */,
				C21DD85B2BE51306003EB614 /* ContactListView.swift in Sources */,
				E0420F432BF4BFFC00F5B5D0 /* CloudViewModel.swift in Sources */,
				C249A9DD2C10DF35004293B7 /* Loading.swift in Sources */,
				C21DD8402BE4D471003EB614 /* ContentView.swift in Sources */,
				E092099A2BEBE2B0005AD0FB /* TimeCounter.swift in Sources */,
				E0EAD0E62BFF823E006753F5 /* AudioPlayer.swift in Sources */,
				175A0A672C05BDB300101A32 /* LocationManager.swift in Sources */,
				99B555702C13BF220096F0B4 /* Corso3.swift in Sources */,
				C2E4036A2C1043E500F5B4F7 /* PremiumPopUp.swift in Sources */,
				E0EAD0E82BFF82B7006753F5 /* RecordingList.swift in Sources */,
				E0EAD06F2BFDFFDA006753F5 /* Controller.swift in Sources */,
				C2E403632C10433900F5B4F7 /* SharedTimerManager.swift in Sources */,
				175A0A652C05BD7200101A32 /* FetchLocation.swift in Sources */,
				C23050492C05C7070056BEAA /* CoursesView.swift in Sources */,
				C230504B2C05C7070056BEAA /* LottieView4.swift in Sources */,
				E0456A472BF8F342002B514F /* otpView.swift in Sources */,
				C2E4036C2C10441800F5B4F7 /* TimerManagerIOS.swift in Sources */,
				E06A202B2C0B7980005D4D67 /* Corso1.swift in Sources */,
				E0EAD0752BFE5530006753F5 /* UProtect.swift in Sources */,
				99B5556A2C13BEE80096F0B4 /* CoursesStructs2.swift in Sources */,
				C21DD83E2BE4D471003EB614 /* UProtectApp.swift in Sources */,
				C233DAA02BEE1B72000072C4 /* Location.swift in Sources */,
				99B5556C2C13BEF50096F0B4 /* CoursesStructs3.swift in Sources */,
				99B5556E2C13BF020096F0B4 /* CoursesStructs4.swift in Sources */,
				175A0A632C05BD4400101A32 /* MapView.swift in Sources */,
				C2893DD22BEB7FE400733211 /* ContactView.swift in Sources */,
				C2893DD62BEB8B9600733211 /* Counter.swift in Sources */,
				1763CF2C2C0EEEC200A465C4 /* DirectionView.swift in Sources */,
				C230504C2C05C7070056BEAA /* LottieView.swift in Sources */,
				99B555722C13BF2E0096F0B4 /* Corso4.swift in Sources */,
				E0B954242C00E33F00EBCD81 /* PageControl.swift in Sources */,
				E0293D2F2C11DF5700EB6485 /* OnBoarding2.swift in Sources */,
				C2E4036E2C1045D500F5B4F7 /* Corso2.swift in Sources */,
				E092099C2BEBE312005AD0FB /* SettingsView.swift in Sources */,
				E0293D2D2C11DF0800EB6485 /* Vuota.swift in Sources */,
				E0EAD0E42BFF80A2006753F5 /* AudioRecorder.swift in Sources */,
				C21DD84C2BE4DAC2003EB614 /* Vonage.swift in Sources */,
				E0D1D9CB2BFCBFE200506367 /* ButtonView.swift in Sources */,
				C230504A2C05C7070056BEAA /* LottieView3.swift in Sources */,
				C23050482C05C7070056BEAA /* LottieView2.swift in Sources */,
				E0B954222C00E21100EBCD81 /* Onboarding.swift in Sources */,
				E0420F412BF4BFDB00F5B5D0 /* LogInView.swift in Sources */,
				E09209A02BEBE394005AD0FB /* TimerSettings.swift in Sources */,
				E0F1A67C2C079A7200B0D16A /* TimerManager.swift in Sources */,
			);
			runOnlyForDeploymentPostprocessing = 0;
		};
		C23F9A092C0098C2001FE56F /* Sources */ = {
			isa = PBXSourcesBuildPhase;
			buildActionMask = 2147483647;
			files = (
				E0F1A6802C079BF000B0D16A /* ContentView.swift in Sources */,
				C2E403642C10433900F5B4F7 /* SharedTimerManager.swift in Sources */,
				C23F9A102C0098C2001FE56F /* WatchProtectApp.swift in Sources */,
				E06A20592C0E0F3A005D4D67 /* Vuota.swift in Sources */,
				C2E4036B2C10441400F5B4F7 /* TimerManagerWatch.swift in Sources */,
			);
			runOnlyForDeploymentPostprocessing = 0;
		};
		C27795D32BFCB5590034981F /* Sources */ = {
			isa = PBXSourcesBuildPhase;
			buildActionMask = 2147483647;
			files = (
				C27795E32BFCB5590034981F /* UProtect_Widget.swift in Sources */,
				C27795DF2BFCB5590034981F /* UProtect_WidgetBundle.swift in Sources */,
			);
			runOnlyForDeploymentPostprocessing = 0;
		};
/* End PBXSourcesBuildPhase section */

/* Begin PBXTargetDependency section */
		C23F9A192C0098C3001FE56F /* PBXTargetDependency */ = {
			isa = PBXTargetDependency;
			target = C23F9A0C2C0098C2001FE56F /* WatchProtect Watch App */;
			targetProxy = C23F9A182C0098C3001FE56F /* PBXContainerItemProxy */;
		};
		C27795EA2BFCB55A0034981F /* PBXTargetDependency */ = {
			isa = PBXTargetDependency;
			target = C27795D62BFCB5590034981F /* UProtect-WidgetExtension */;
			targetProxy = C27795E92BFCB55A0034981F /* PBXContainerItemProxy */;
		};
/* End PBXTargetDependency section */

/* Begin XCBuildConfiguration section */
		C21DD8462BE4D472003EB614 /* Debug */ = {
			isa = XCBuildConfiguration;
			buildSettings = {
				ALWAYS_SEARCH_USER_PATHS = NO;
				ASSETCATALOG_COMPILER_GENERATE_SWIFT_ASSET_SYMBOL_EXTENSIONS = YES;
				CLANG_ANALYZER_LOCALIZABILITY_NONLOCALIZED = YES;
				CLANG_ANALYZER_NONNULL = YES;
				CLANG_ANALYZER_NUMBER_OBJECT_CONVERSION = YES_AGGRESSIVE;
				CLANG_CXX_LANGUAGE_STANDARD = "gnu++20";
				CLANG_ENABLE_MODULES = YES;
				CLANG_ENABLE_OBJC_ARC = YES;
				CLANG_ENABLE_OBJC_WEAK = YES;
				CLANG_WARN_BLOCK_CAPTURE_AUTORELEASING = YES;
				CLANG_WARN_BOOL_CONVERSION = YES;
				CLANG_WARN_COMMA = YES;
				CLANG_WARN_CONSTANT_CONVERSION = YES;
				CLANG_WARN_DEPRECATED_OBJC_IMPLEMENTATIONS = YES;
				CLANG_WARN_DIRECT_OBJC_ISA_USAGE = YES_ERROR;
				CLANG_WARN_DOCUMENTATION_COMMENTS = YES;
				CLANG_WARN_EMPTY_BODY = YES;
				CLANG_WARN_ENUM_CONVERSION = YES;
				CLANG_WARN_INFINITE_RECURSION = YES;
				CLANG_WARN_INT_CONVERSION = YES;
				CLANG_WARN_NON_LITERAL_NULL_CONVERSION = YES;
				CLANG_WARN_OBJC_IMPLICIT_RETAIN_SELF = YES;
				CLANG_WARN_OBJC_LITERAL_CONVERSION = YES;
				CLANG_WARN_OBJC_ROOT_CLASS = YES_ERROR;
				CLANG_WARN_QUOTED_INCLUDE_IN_FRAMEWORK_HEADER = YES;
				CLANG_WARN_RANGE_LOOP_ANALYSIS = YES;
				CLANG_WARN_STRICT_PROTOTYPES = YES;
				CLANG_WARN_SUSPICIOUS_MOVE = YES;
				CLANG_WARN_UNGUARDED_AVAILABILITY = YES_AGGRESSIVE;
				CLANG_WARN_UNREACHABLE_CODE = YES;
				CLANG_WARN__DUPLICATE_METHOD_MATCH = YES;
				COPY_PHASE_STRIP = NO;
				DEBUG_INFORMATION_FORMAT = dwarf;
				ENABLE_STRICT_OBJC_MSGSEND = YES;
				ENABLE_TESTABILITY = YES;
				ENABLE_USER_SCRIPT_SANDBOXING = YES;
				GCC_C_LANGUAGE_STANDARD = gnu17;
				GCC_DYNAMIC_NO_PIC = NO;
				GCC_NO_COMMON_BLOCKS = YES;
				GCC_OPTIMIZATION_LEVEL = 0;
				GCC_PREPROCESSOR_DEFINITIONS = (
					"DEBUG=1",
					"$(inherited)",
				);
				GCC_WARN_64_TO_32_BIT_CONVERSION = YES;
				GCC_WARN_ABOUT_RETURN_TYPE = YES_ERROR;
				GCC_WARN_UNDECLARED_SELECTOR = YES;
				GCC_WARN_UNINITIALIZED_AUTOS = YES_AGGRESSIVE;
				GCC_WARN_UNUSED_FUNCTION = YES;
				GCC_WARN_UNUSED_VARIABLE = YES;
				IPHONEOS_DEPLOYMENT_TARGET = 17.4;
				LOCALIZATION_PREFERS_STRING_CATALOGS = YES;
				MTL_ENABLE_DEBUG_INFO = INCLUDE_SOURCE;
				MTL_FAST_MATH = YES;
				ONLY_ACTIVE_ARCH = YES;
				SDKROOT = iphoneos;
				SWIFT_ACTIVE_COMPILATION_CONDITIONS = "DEBUG $(inherited)";
				SWIFT_OPTIMIZATION_LEVEL = "-Onone";
			};
			name = Debug;
		};
		C21DD8472BE4D472003EB614 /* Release */ = {
			isa = XCBuildConfiguration;
			buildSettings = {
				ALWAYS_SEARCH_USER_PATHS = NO;
				ASSETCATALOG_COMPILER_GENERATE_SWIFT_ASSET_SYMBOL_EXTENSIONS = YES;
				CLANG_ANALYZER_LOCALIZABILITY_NONLOCALIZED = YES;
				CLANG_ANALYZER_NONNULL = YES;
				CLANG_ANALYZER_NUMBER_OBJECT_CONVERSION = YES_AGGRESSIVE;
				CLANG_CXX_LANGUAGE_STANDARD = "gnu++20";
				CLANG_ENABLE_MODULES = YES;
				CLANG_ENABLE_OBJC_ARC = YES;
				CLANG_ENABLE_OBJC_WEAK = YES;
				CLANG_WARN_BLOCK_CAPTURE_AUTORELEASING = YES;
				CLANG_WARN_BOOL_CONVERSION = YES;
				CLANG_WARN_COMMA = YES;
				CLANG_WARN_CONSTANT_CONVERSION = YES;
				CLANG_WARN_DEPRECATED_OBJC_IMPLEMENTATIONS = YES;
				CLANG_WARN_DIRECT_OBJC_ISA_USAGE = YES_ERROR;
				CLANG_WARN_DOCUMENTATION_COMMENTS = YES;
				CLANG_WARN_EMPTY_BODY = YES;
				CLANG_WARN_ENUM_CONVERSION = YES;
				CLANG_WARN_INFINITE_RECURSION = YES;
				CLANG_WARN_INT_CONVERSION = YES;
				CLANG_WARN_NON_LITERAL_NULL_CONVERSION = YES;
				CLANG_WARN_OBJC_IMPLICIT_RETAIN_SELF = YES;
				CLANG_WARN_OBJC_LITERAL_CONVERSION = YES;
				CLANG_WARN_OBJC_ROOT_CLASS = YES_ERROR;
				CLANG_WARN_QUOTED_INCLUDE_IN_FRAMEWORK_HEADER = YES;
				CLANG_WARN_RANGE_LOOP_ANALYSIS = YES;
				CLANG_WARN_STRICT_PROTOTYPES = YES;
				CLANG_WARN_SUSPICIOUS_MOVE = YES;
				CLANG_WARN_UNGUARDED_AVAILABILITY = YES_AGGRESSIVE;
				CLANG_WARN_UNREACHABLE_CODE = YES;
				CLANG_WARN__DUPLICATE_METHOD_MATCH = YES;
				COPY_PHASE_STRIP = NO;
				DEBUG_INFORMATION_FORMAT = "dwarf-with-dsym";
				ENABLE_NS_ASSERTIONS = NO;
				ENABLE_STRICT_OBJC_MSGSEND = YES;
				ENABLE_USER_SCRIPT_SANDBOXING = YES;
				GCC_C_LANGUAGE_STANDARD = gnu17;
				GCC_NO_COMMON_BLOCKS = YES;
				GCC_WARN_64_TO_32_BIT_CONVERSION = YES;
				GCC_WARN_ABOUT_RETURN_TYPE = YES_ERROR;
				GCC_WARN_UNDECLARED_SELECTOR = YES;
				GCC_WARN_UNINITIALIZED_AUTOS = YES_AGGRESSIVE;
				GCC_WARN_UNUSED_FUNCTION = YES;
				GCC_WARN_UNUSED_VARIABLE = YES;
				IPHONEOS_DEPLOYMENT_TARGET = 17.4;
				LOCALIZATION_PREFERS_STRING_CATALOGS = YES;
				MTL_ENABLE_DEBUG_INFO = NO;
				MTL_FAST_MATH = YES;
				SDKROOT = iphoneos;
				SWIFT_COMPILATION_MODE = wholemodule;
				VALIDATE_PRODUCT = YES;
			};
			name = Release;
		};
		C21DD8492BE4D472003EB614 /* Debug */ = {
			isa = XCBuildConfiguration;
			buildSettings = {
				ALWAYS_EMBED_SWIFT_STANDARD_LIBRARIES = YES;
				ASSETCATALOG_COMPILER_APPICON_NAME = AppIcon;
				ASSETCATALOG_COMPILER_GLOBAL_ACCENT_COLOR_NAME = AccentColor;
				CODE_SIGN_ENTITLEMENTS = UProtect/UProtect.entitlements;
				CODE_SIGN_STYLE = Automatic;
				CURRENT_PROJECT_VERSION = 10;
				DEVELOPMENT_ASSET_PATHS = "\"UProtect/Preview Content\"";
				DEVELOPMENT_TEAM = 7G2UC637L6;
				ENABLE_PREVIEWS = YES;
				GENERATE_INFOPLIST_FILE = YES;
				INFOPLIST_FILE = UProtect/Info.plist;
				INFOPLIST_KEY_CFBundleDisplayName = Hestia;
				INFOPLIST_KEY_LSApplicationCategoryType = "public.app-category.utilities";
				INFOPLIST_KEY_NSContactsUsageDescription = "Hestia requires access to your contacts to allow you to add them as emergency contacts and send notifications when you are in danger. We do not store your contacts on the server.\n";
				INFOPLIST_KEY_NSLocationWhenInUseUsageDescription = "Hestia requires your location in order to find the places that are open in your sorroundings.";
				INFOPLIST_KEY_NSMicrophoneUsageDescription = "When you activate the button, your background will be recorded to know what happened around you. The recordings will be deleted after one week, but you can save them before they get removed. ";
				INFOPLIST_KEY_UIApplicationSceneManifest_Generation = YES;
				INFOPLIST_KEY_UIApplicationSupportsIndirectInputEvents = YES;
				INFOPLIST_KEY_UILaunchScreen_Generation = YES;
				INFOPLIST_KEY_UISupportedInterfaceOrientations = UIInterfaceOrientationPortrait;
				INFOPLIST_KEY_UISupportedInterfaceOrientations_iPad = "UIInterfaceOrientationLandscapeLeft UIInterfaceOrientationLandscapeRight UIInterfaceOrientationPortrait UIInterfaceOrientationPortraitUpsideDown";
				IPHONEOS_DEPLOYMENT_TARGET = 17.0;
				LD_RUNPATH_SEARCH_PATHS = (
					"$(inherited)",
					"@executable_path/Frameworks",
				);
				MARKETING_VERSION = 1.2;
				PRODUCT_BUNDLE_IDENTIFIER = com.andrearomano.Hestia;
				PRODUCT_NAME = "$(TARGET_NAME)";
				SUPPORTED_PLATFORMS = "iphoneos iphonesimulator";
				SUPPORTS_MACCATALYST = NO;
				SUPPORTS_MAC_DESIGNED_FOR_IPHONE_IPAD = NO;
				SUPPORTS_XR_DESIGNED_FOR_IPHONE_IPAD = NO;
				SWIFT_EMIT_LOC_STRINGS = YES;
				SWIFT_VERSION = 5.0;
				TARGETED_DEVICE_FAMILY = 1;
			};
			name = Debug;
		};
		C21DD84A2BE4D472003EB614 /* Release */ = {
			isa = XCBuildConfiguration;
			buildSettings = {
				ALWAYS_EMBED_SWIFT_STANDARD_LIBRARIES = YES;
				ASSETCATALOG_COMPILER_APPICON_NAME = AppIcon;
				ASSETCATALOG_COMPILER_GLOBAL_ACCENT_COLOR_NAME = AccentColor;
				CODE_SIGN_ENTITLEMENTS = UProtect/UProtect.entitlements;
				CODE_SIGN_IDENTITY = "Apple Development";
				CODE_SIGN_STYLE = Automatic;
				CURRENT_PROJECT_VERSION = 10;
				DEVELOPMENT_ASSET_PATHS = "\"UProtect/Preview Content\"";
				DEVELOPMENT_TEAM = 7G2UC637L6;
				ENABLE_PREVIEWS = YES;
				GENERATE_INFOPLIST_FILE = YES;
				INFOPLIST_FILE = UProtect/Info.plist;
				INFOPLIST_KEY_CFBundleDisplayName = Hestia;
				INFOPLIST_KEY_LSApplicationCategoryType = "public.app-category.utilities";
				INFOPLIST_KEY_NSContactsUsageDescription = "Hestia requires access to your contacts to allow you to add them as emergency contacts and send notifications when you are in danger. We do not store your contacts on the server.\n";
				INFOPLIST_KEY_NSLocationWhenInUseUsageDescription = "Hestia requires your location in order to find the places that are open in your sorroundings.";
				INFOPLIST_KEY_NSMicrophoneUsageDescription = "When you activate the button, your background will be recorded to know what happened around you. The recordings will be deleted after one week, but you can save them before they get removed. ";
				INFOPLIST_KEY_UIApplicationSceneManifest_Generation = YES;
				INFOPLIST_KEY_UIApplicationSupportsIndirectInputEvents = YES;
				INFOPLIST_KEY_UILaunchScreen_Generation = YES;
				INFOPLIST_KEY_UISupportedInterfaceOrientations = UIInterfaceOrientationPortrait;
				INFOPLIST_KEY_UISupportedInterfaceOrientations_iPad = "UIInterfaceOrientationLandscapeLeft UIInterfaceOrientationLandscapeRight UIInterfaceOrientationPortrait UIInterfaceOrientationPortraitUpsideDown";
				IPHONEOS_DEPLOYMENT_TARGET = 17.0;
				LD_RUNPATH_SEARCH_PATHS = (
					"$(inherited)",
					"@executable_path/Frameworks",
				);
				MARKETING_VERSION = 1.2;
				PRODUCT_BUNDLE_IDENTIFIER = com.andrearomano.Hestia;
				PRODUCT_NAME = "$(TARGET_NAME)";
				PROVISIONING_PROFILE_SPECIFIER = "";
				SUPPORTED_PLATFORMS = "iphoneos iphonesimulator";
				SUPPORTS_MACCATALYST = NO;
				SUPPORTS_MAC_DESIGNED_FOR_IPHONE_IPAD = NO;
				SUPPORTS_XR_DESIGNED_FOR_IPHONE_IPAD = NO;
				SWIFT_EMIT_LOC_STRINGS = YES;
				SWIFT_VERSION = 5.0;
				TARGETED_DEVICE_FAMILY = 1;
			};
			name = Release;
		};
		C23F9A1B2C0098C3001FE56F /* Debug */ = {
			isa = XCBuildConfiguration;
			buildSettings = {
				ALWAYS_EMBED_SWIFT_STANDARD_LIBRARIES = YES;
				ASSETCATALOG_COMPILER_APPICON_NAME = AppIcon;
				ASSETCATALOG_COMPILER_GLOBAL_ACCENT_COLOR_NAME = AccentColor;
				CODE_SIGN_ENTITLEMENTS = "WatchProtect Watch App/WatchProtect Watch App.entitlements";
				CODE_SIGN_STYLE = Automatic;
				CURRENT_PROJECT_VERSION = 1;
				DEVELOPMENT_ASSET_PATHS = "\"WatchProtect Watch App/Preview Content\"";
				DEVELOPMENT_TEAM = 7G2UC637L6;
				ENABLE_PREVIEWS = YES;
				GENERATE_INFOPLIST_FILE = YES;
				INFOPLIST_FILE = "WatchProtect-Watch-App-Info.plist";
				INFOPLIST_KEY_CFBundleDisplayName = Hestia;
				INFOPLIST_KEY_UISupportedInterfaceOrientations = "UIInterfaceOrientationPortrait UIInterfaceOrientationPortraitUpsideDown";
				INFOPLIST_KEY_WKCompanionAppBundleIdentifier = com.andrearomano.Hestia;
				LD_RUNPATH_SEARCH_PATHS = (
					"$(inherited)",
					"@executable_path/Frameworks",
				);
				MARKETING_VERSION = 1.0;
				PRODUCT_BUNDLE_IDENTIFIER = com.andrearomano.Hestia.watchkitapp;
				PRODUCT_NAME = "$(TARGET_NAME)";
				SDKROOT = watchos;
				SKIP_INSTALL = YES;
				SWIFT_EMIT_LOC_STRINGS = YES;
				SWIFT_VERSION = 5.0;
				TARGETED_DEVICE_FAMILY = 4;
				WATCHOS_DEPLOYMENT_TARGET = 10.0;
			};
			name = Debug;
		};
		C23F9A1C2C0098C3001FE56F /* Release */ = {
			isa = XCBuildConfiguration;
			buildSettings = {
				ALWAYS_EMBED_SWIFT_STANDARD_LIBRARIES = YES;
				ASSETCATALOG_COMPILER_APPICON_NAME = AppIcon;
				ASSETCATALOG_COMPILER_GLOBAL_ACCENT_COLOR_NAME = AccentColor;
				CODE_SIGN_ENTITLEMENTS = "WatchProtect Watch App/WatchProtect Watch App.entitlements";
				CODE_SIGN_IDENTITY = "Apple Development";
				CODE_SIGN_STYLE = Automatic;
				CURRENT_PROJECT_VERSION = 1;
				DEVELOPMENT_ASSET_PATHS = "\"WatchProtect Watch App/Preview Content\"";
				DEVELOPMENT_TEAM = 7G2UC637L6;
				ENABLE_PREVIEWS = YES;
				GENERATE_INFOPLIST_FILE = YES;
				INFOPLIST_FILE = "WatchProtect-Watch-App-Info.plist";
				INFOPLIST_KEY_CFBundleDisplayName = Hestia;
				INFOPLIST_KEY_UISupportedInterfaceOrientations = "UIInterfaceOrientationPortrait UIInterfaceOrientationPortraitUpsideDown";
				INFOPLIST_KEY_WKCompanionAppBundleIdentifier = com.andrearomano.Hestia;
				LD_RUNPATH_SEARCH_PATHS = (
					"$(inherited)",
					"@executable_path/Frameworks",
				);
				MARKETING_VERSION = 1.0;
				PRODUCT_BUNDLE_IDENTIFIER = com.andrearomano.Hestia.watchkitapp;
				PRODUCT_NAME = "$(TARGET_NAME)";
				SDKROOT = watchos;
				SKIP_INSTALL = YES;
				SWIFT_EMIT_LOC_STRINGS = YES;
				SWIFT_VERSION = 5.0;
				TARGETED_DEVICE_FAMILY = 4;
				WATCHOS_DEPLOYMENT_TARGET = 10.0;
			};
			name = Release;
		};
		C27795ED2BFCB55A0034981F /* Debug */ = {
			isa = XCBuildConfiguration;
			buildSettings = {
				ASSETCATALOG_COMPILER_GLOBAL_ACCENT_COLOR_NAME = AccentColor;
				ASSETCATALOG_COMPILER_WIDGET_BACKGROUND_COLOR_NAME = WidgetBackground;
				CODE_SIGN_STYLE = Automatic;
				CURRENT_PROJECT_VERSION = 1;
				DEVELOPMENT_TEAM = 7G2UC637L6;
				GENERATE_INFOPLIST_FILE = YES;
				INFOPLIST_FILE = "UProtect-Widget/Info.plist";
				INFOPLIST_KEY_CFBundleDisplayName = "UProtect-Widget";
				INFOPLIST_KEY_LSApplicationCategoryType = "";
				INFOPLIST_KEY_NSHumanReadableCopyright = "";
				IPHONEOS_DEPLOYMENT_TARGET = 17.0;
				LD_RUNPATH_SEARCH_PATHS = (
					"$(inherited)",
					"@executable_path/Frameworks",
					"@executable_path/../../Frameworks",
				);
				MARKETING_VERSION = 1.0;
				PRODUCT_BUNDLE_IDENTIFIER = "com.andrearomano.Hestia.Hestia-Widget";
				PRODUCT_NAME = "$(TARGET_NAME)";
				SKIP_INSTALL = YES;
				SUPPORTED_PLATFORMS = "iphoneos iphonesimulator";
				SUPPORTS_MACCATALYST = NO;
				SUPPORTS_MAC_DESIGNED_FOR_IPHONE_IPAD = NO;
				SUPPORTS_XR_DESIGNED_FOR_IPHONE_IPAD = NO;
				SWIFT_EMIT_LOC_STRINGS = YES;
				SWIFT_VERSION = 5.0;
				TARGETED_DEVICE_FAMILY = 1;
			};
			name = Debug;
		};
		C27795EE2BFCB55A0034981F /* Release */ = {
			isa = XCBuildConfiguration;
			buildSettings = {
				ASSETCATALOG_COMPILER_GLOBAL_ACCENT_COLOR_NAME = AccentColor;
				ASSETCATALOG_COMPILER_WIDGET_BACKGROUND_COLOR_NAME = WidgetBackground;
				CODE_SIGN_IDENTITY = "Apple Development";
				CODE_SIGN_STYLE = Automatic;
				CURRENT_PROJECT_VERSION = 1;
				DEVELOPMENT_TEAM = 7G2UC637L6;
				GENERATE_INFOPLIST_FILE = YES;
				INFOPLIST_FILE = "UProtect-Widget/Info.plist";
				INFOPLIST_KEY_CFBundleDisplayName = "UProtect-Widget";
				INFOPLIST_KEY_LSApplicationCategoryType = "";
				INFOPLIST_KEY_NSHumanReadableCopyright = "";
				IPHONEOS_DEPLOYMENT_TARGET = 17.0;
				LD_RUNPATH_SEARCH_PATHS = (
					"$(inherited)",
					"@executable_path/Frameworks",
					"@executable_path/../../Frameworks",
				);
				MARKETING_VERSION = 1.0;
				PRODUCT_BUNDLE_IDENTIFIER = "com.andrearomano.Hestia.Hestia-Widget";
				PRODUCT_NAME = "$(TARGET_NAME)";
				SKIP_INSTALL = YES;
				SUPPORTED_PLATFORMS = "iphoneos iphonesimulator";
				SUPPORTS_MACCATALYST = NO;
				SUPPORTS_MAC_DESIGNED_FOR_IPHONE_IPAD = NO;
				SUPPORTS_XR_DESIGNED_FOR_IPHONE_IPAD = NO;
				SWIFT_EMIT_LOC_STRINGS = YES;
				SWIFT_VERSION = 5.0;
				TARGETED_DEVICE_FAMILY = 1;
			};
			name = Release;
		};
/* End XCBuildConfiguration section */

/* Begin XCConfigurationList section */
		C21DD8352BE4D471003EB614 /* Build configuration list for PBXProject "UProtect" */ = {
			isa = XCConfigurationList;
			buildConfigurations = (
				C21DD8462BE4D472003EB614 /* Debug */,
				C21DD8472BE4D472003EB614 /* Release */,
			);
			defaultConfigurationIsVisible = 0;
			defaultConfigurationName = Release;
		};
		C21DD8482BE4D472003EB614 /* Build configuration list for PBXNativeTarget "UProtect" */ = {
			isa = XCConfigurationList;
			buildConfigurations = (
				C21DD8492BE4D472003EB614 /* Debug */,
				C21DD84A2BE4D472003EB614 /* Release */,
			);
			defaultConfigurationIsVisible = 0;
			defaultConfigurationName = Release;
		};
		C23F9A1D2C0098C3001FE56F /* Build configuration list for PBXNativeTarget "WatchProtect Watch App" */ = {
			isa = XCConfigurationList;
			buildConfigurations = (
				C23F9A1B2C0098C3001FE56F /* Debug */,
				C23F9A1C2C0098C3001FE56F /* Release */,
			);
			defaultConfigurationIsVisible = 0;
			defaultConfigurationName = Release;
		};
		C27795EC2BFCB55A0034981F /* Build configuration list for PBXNativeTarget "UProtect-WidgetExtension" */ = {
			isa = XCConfigurationList;
			buildConfigurations = (
				C27795ED2BFCB55A0034981F /* Debug */,
				C27795EE2BFCB55A0034981F /* Release */,
			);
			defaultConfigurationIsVisible = 0;
			defaultConfigurationName = Release;
		};
/* End XCConfigurationList section */

/* Begin XCRemoteSwiftPackageReference section */
		99DC37EC2C03B5B700A2804E /* XCRemoteSwiftPackageReference "lottie-ios" */ = {
			isa = XCRemoteSwiftPackageReference;
			repositoryURL = "https://github.com/airbnb/lottie-ios.git";
			requirement = {
				kind = upToNextMajorVersion;
				minimumVersion = 4.4.3;
			};
		};
		C25CE97A2BFDFC9D008CE99A /* XCRemoteSwiftPackageReference "FirebaseUI-iOS" */ = {
			isa = XCRemoteSwiftPackageReference;
			repositoryURL = "https://github.com/firebase/FirebaseUI-iOS";
			requirement = {
				kind = upToNextMajorVersion;
				minimumVersion = 13.2.0;
			};
		};
		C293A8972BF36C740008F1F8 /* XCRemoteSwiftPackageReference "Swift-JWT" */ = {
			isa = XCRemoteSwiftPackageReference;
			repositoryURL = "https://github.com/Kitura/Swift-JWT";
			requirement = {
				kind = upToNextMajorVersion;
				minimumVersion = 4.0.1;
			};
		};
/* End XCRemoteSwiftPackageReference section */

/* Begin XCSwiftPackageProductDependency section */
		99DC37ED2C03B5B700A2804E /* Lottie */ = {
			isa = XCSwiftPackageProductDependency;
			package = 99DC37EC2C03B5B700A2804E /* XCRemoteSwiftPackageReference "lottie-ios" */;
			productName = Lottie;
		};
		C25CE97D2BFDFC9D008CE99A /* FirebaseAuthUI */ = {
			isa = XCSwiftPackageProductDependency;
			package = C25CE97A2BFDFC9D008CE99A /* XCRemoteSwiftPackageReference "FirebaseUI-iOS" */;
			productName = FirebaseAuthUI;
		};
		C25CE9812BFDFC9D008CE99A /* FirebasePhoneAuthUI */ = {
			isa = XCSwiftPackageProductDependency;
			package = C25CE97A2BFDFC9D008CE99A /* XCRemoteSwiftPackageReference "FirebaseUI-iOS" */;
			productName = FirebasePhoneAuthUI;
		};
		C293A8982BF36C740008F1F8 /* SwiftJWT */ = {
			isa = XCSwiftPackageProductDependency;
			package = C293A8972BF36C740008F1F8 /* XCRemoteSwiftPackageReference "Swift-JWT" */;
			productName = SwiftJWT;
		};
		E0B954272C01EC9B00EBCD81 /* SwiftJWT */ = {
			isa = XCSwiftPackageProductDependency;
			package = C293A8972BF36C740008F1F8 /* XCRemoteSwiftPackageReference "Swift-JWT" */;
			productName = SwiftJWT;
		};
/* End XCSwiftPackageProductDependency section */
	};
	rootObject = C21DD8322BE4D471003EB614 /* Project object */;
}
